// !$*UTF8*$!
{
	archiveVersion = 1;
	classes = {
	};
	objectVersion = 56;
	objects = {

/* Begin PBXBuildFile section */
		076E2FDF2A721E8400109D7B /* UserDataModel.swift in Sources */ = {isa = PBXBuildFile; fileRef = 076E2FDE2A721E8400109D7B /* UserDataModel.swift */; };
		076E2FE12A721ECB00109D7B /* PhoneDataModel.swift in Sources */ = {isa = PBXBuildFile; fileRef = 076E2FE02A721ECB00109D7B /* PhoneDataModel.swift */; };
		076E2FE32A7220C500109D7B /* WatchDataModel.swift in Sources */ = {isa = PBXBuildFile; fileRef = 076E2FE22A7220C500109D7B /* WatchDataModel.swift */; };
		078D5F992A602B4B00BD5557 /* GameView.swift in Sources */ = {isa = PBXBuildFile; fileRef = 078D5F982A602B4B00BD5557 /* GameView.swift */; };
		07D962FC2A6146C400CFDFFC /* PreparationView.swift in Sources */ = {isa = PBXBuildFile; fileRef = 07D962FB2A6146C400CFDFFC /* PreparationView.swift */; };
		07D962FF2A62B71600CFDFFC /* Mondee.swift in Sources */ = {isa = PBXBuildFile; fileRef = 07D962FE2A62B71600CFDFFC /* Mondee.swift */; };
		07D963012A62C5A500CFDFFC /* ArrowAnimation.swift in Sources */ = {isa = PBXBuildFile; fileRef = 07D963002A62C5A500CFDFFC /* ArrowAnimation.swift */; };
		2900B1152A6986E100B7AEFD /* ConfettiCannon.swift in Sources */ = {isa = PBXBuildFile; fileRef = 2900B1142A6986E100B7AEFD /* ConfettiCannon.swift */; };
		2900B1162A6986E100B7AEFD /* ConfettiCannon.swift in Sources */ = {isa = PBXBuildFile; fileRef = 2900B1142A6986E100B7AEFD /* ConfettiCannon.swift */; };
		2900B1182A6986E700B7AEFD /* ConfettiSwiftUI.swift in Sources */ = {isa = PBXBuildFile; fileRef = 2900B1172A6986E700B7AEFD /* ConfettiSwiftUI.swift */; };
		2900B1192A6986E700B7AEFD /* ConfettiSwiftUI.swift in Sources */ = {isa = PBXBuildFile; fileRef = 2900B1172A6986E700B7AEFD /* ConfettiSwiftUI.swift */; };
		2900B11B2A6986EE00B7AEFD /* RoundedCross.swift in Sources */ = {isa = PBXBuildFile; fileRef = 2900B11A2A6986EE00B7AEFD /* RoundedCross.swift */; };
		2900B11C2A6986EE00B7AEFD /* RoundedCross.swift in Sources */ = {isa = PBXBuildFile; fileRef = 2900B11A2A6986EE00B7AEFD /* RoundedCross.swift */; };
		2900B11E2A6986F500B7AEFD /* SlimRectangle.swift in Sources */ = {isa = PBXBuildFile; fileRef = 2900B11D2A6986F500B7AEFD /* SlimRectangle.swift */; };
		2900B11F2A6986F500B7AEFD /* SlimRectangle.swift in Sources */ = {isa = PBXBuildFile; fileRef = 2900B11D2A6986F500B7AEFD /* SlimRectangle.swift */; };
		2900B1212A6986FC00B7AEFD /* Triangle.swift in Sources */ = {isa = PBXBuildFile; fileRef = 2900B1202A6986FC00B7AEFD /* Triangle.swift */; };
		2900B1222A6986FC00B7AEFD /* Triangle.swift in Sources */ = {isa = PBXBuildFile; fileRef = 2900B1202A6986FC00B7AEFD /* Triangle.swift */; };
		290DC0B92A70AF76005D5150 /* CleanRoomModel.swift in Sources */ = {isa = PBXBuildFile; fileRef = 290DC0B82A70AF76005D5150 /* CleanRoomModel.swift */; };
		2919A76F2A5D0099000B6CF6 /* MondeeApp.swift in Sources */ = {isa = PBXBuildFile; fileRef = 2919A76E2A5D0099000B6CF6 /* MondeeApp.swift */; };
		2919A7712A5D0099000B6CF6 /* ContentView.swift in Sources */ = {isa = PBXBuildFile; fileRef = 2919A7702A5D0099000B6CF6 /* ContentView.swift */; };
		2919A7732A5D009A000B6CF6 /* Assets.xcassets in Resources */ = {isa = PBXBuildFile; fileRef = 2919A7722A5D009A000B6CF6 /* Assets.xcassets */; };
		2919A7762A5D009A000B6CF6 /* Preview Assets.xcassets in Resources */ = {isa = PBXBuildFile; fileRef = 2919A7752A5D009A000B6CF6 /* Preview Assets.xcassets */; };
		2919A77C2A5D009A000B6CF6 /* Mondee Watch App.app in Embed Watch Content */ = {isa = PBXBuildFile; fileRef = 2919A77B2A5D009A000B6CF6 /* Mondee Watch App.app */; settings = {ATTRIBUTES = (RemoveHeadersOnCopy, ); }; };
		2919A7812A5D009A000B6CF6 /* MondeeApp.swift in Sources */ = {isa = PBXBuildFile; fileRef = 2919A7802A5D009A000B6CF6 /* MondeeApp.swift */; };
		2919A7832A5D009A000B6CF6 /* ContentView.swift in Sources */ = {isa = PBXBuildFile; fileRef = 2919A7822A5D009A000B6CF6 /* ContentView.swift */; };
		2919A7852A5D009B000B6CF6 /* Assets.xcassets in Resources */ = {isa = PBXBuildFile; fileRef = 2919A7842A5D009B000B6CF6 /* Assets.xcassets */; };
		2919A7882A5D009B000B6CF6 /* Preview Assets.xcassets in Resources */ = {isa = PBXBuildFile; fileRef = 2919A7872A5D009B000B6CF6 /* Preview Assets.xcassets */; };
		292CE6C42A5ECD8000BEE4AF /* SampleViewModel.swift in Sources */ = {isa = PBXBuildFile; fileRef = 292CE6C32A5ECD8000BEE4AF /* SampleViewModel.swift */; };
		293EA05D2A63BBD300C3615F /* GameResultModel.swift in Sources */ = {isa = PBXBuildFile; fileRef = 293EA05B2A63BBD300C3615F /* GameResultModel.swift */; };
		29623FAD2A69278300B4B380 /* CustomTabBar.swift in Sources */ = {isa = PBXBuildFile; fileRef = 29623FAC2A69278300B4B380 /* CustomTabBar.swift */; };
		29623FAF2A69307500B4B380 /* CustomTabView.swift in Sources */ = {isa = PBXBuildFile; fileRef = 29623FAE2A69307500B4B380 /* CustomTabView.swift */; };
		29623FB52A6941DC00B4B380 /* TodayView.swift in Sources */ = {isa = PBXBuildFile; fileRef = 29623FB42A6941DC00B4B380 /* TodayView.swift */; };
		29623FB72A6941F100B4B380 /* RecordView.swift in Sources */ = {isa = PBXBuildFile; fileRef = 29623FB62A6941F100B4B380 /* RecordView.swift */; };
		29623FB92A69420D00B4B380 /* CleanRoomView.swift in Sources */ = {isa = PBXBuildFile; fileRef = 29623FB82A69420D00B4B380 /* CleanRoomView.swift */; };
		2978810C2A64E21C00EEC328 /* BeforeGameCountView.swift in Sources */ = {isa = PBXBuildFile; fileRef = 2978810B2A64E21C00EEC328 /* BeforeGameCountView.swift */; };
		298F913F2A69605C002D36B3 /* TabModel.swift in Sources */ = {isa = PBXBuildFile; fileRef = 298F913E2A69605C002D36B3 /* TabModel.swift */; };
		29A8A39C2A6D7E70007C24A5 /* RecordTitleArea.swift in Sources */ = {isa = PBXBuildFile; fileRef = 29A8A39B2A6D7E70007C24A5 /* RecordTitleArea.swift */; };
		29A8A3A02A6D80ED007C24A5 /* RecordCalendarView.swift in Sources */ = {isa = PBXBuildFile; fileRef = 29A8A39F2A6D80ED007C24A5 /* RecordCalendarView.swift */; };
		29A8A3A42A6D8C17007C24A5 /* DateViewModel.swift in Sources */ = {isa = PBXBuildFile; fileRef = 29A8A3A32A6D8C17007C24A5 /* DateViewModel.swift */; };
		29A8A3A62A6D8CE2007C24A5 /* DateExtensions.swift in Sources */ = {isa = PBXBuildFile; fileRef = 29A8A3A52A6D8CE2007C24A5 /* DateExtensions.swift */; };
		29AAE3852A6EDBF6008913C2 /* RecordCalendarArea.swift in Sources */ = {isa = PBXBuildFile; fileRef = 29AAE3842A6EDBF6008913C2 /* RecordCalendarArea.swift */; };
		29AAE3872A6F3DA5008913C2 /* MonthStatistics.swift in Sources */ = {isa = PBXBuildFile; fileRef = 29AAE3862A6F3DA5008913C2 /* MonthStatistics.swift */; };
		29AAE3892A6F9895008913C2 /* TotalStatistics.swift in Sources */ = {isa = PBXBuildFile; fileRef = 29AAE3882A6F9895008913C2 /* TotalStatistics.swift */; };
		29B3E8FB2A666682001A5856 /* FinalFailView.swift in Sources */ = {isa = PBXBuildFile; fileRef = 29B3E8FA2A666682001A5856 /* FinalFailView.swift */; };
		29CAC95C2A6511D40038954C /* GameOptionView.swift in Sources */ = {isa = PBXBuildFile; fileRef = 29CAC95B2A6511D40038954C /* GameOptionView.swift */; };
		29D1D3542A66DF0E00A1A3BE /* GameResultModel.swift in Sources */ = {isa = PBXBuildFile; fileRef = 293EA05B2A63BBD300C3615F /* GameResultModel.swift */; };
		29D55B672A652B1E00B0AB26 /* GuideView.swift in Sources */ = {isa = PBXBuildFile; fileRef = 29D55B662A652B1E00B0AB26 /* GuideView.swift */; };
		29DFB3FB2A66282000C4DBD2 /* Modifier.swift in Sources */ = {isa = PBXBuildFile; fileRef = 29DFB3FA2A66282000C4DBD2 /* Modifier.swift */; };
		7F06EECF2A62D30700946310 /* PlayView.swift in Sources */ = {isa = PBXBuildFile; fileRef = 7F06EECE2A62D30700946310 /* PlayView.swift */; };
		7F06EED92A62E71A00946310 /* Constants.swift in Sources */ = {isa = PBXBuildFile; fileRef = 7F06EED82A62E71A00946310 /* Constants.swift */; };
		7F06EEDB2A62EAA200946310 /* GameStateManager.swift in Sources */ = {isa = PBXBuildFile; fileRef = 7F06EEDA2A62EAA200946310 /* GameStateManager.swift */; };
		7F163DF12A735D6D003F7009 /* MondeeModel.swift in Sources */ = {isa = PBXBuildFile; fileRef = 7F163DF02A735D6D003F7009 /* MondeeModel.swift */; };
		7F9D8D522A676CE7006F04CA /* MondeeImageView.swift in Sources */ = {isa = PBXBuildFile; fileRef = 7F9D8D512A676CE7006F04CA /* MondeeImageView.swift */; };
		7F9D8D552A676EF3006F04CA /* HeartCountView.swift in Sources */ = {isa = PBXBuildFile; fileRef = 7F9D8D542A676EF3006F04CA /* HeartCountView.swift */; };
		7FB07B9D2A6294B90064D7FE /* MovingDetector.swift in Sources */ = {isa = PBXBuildFile; fileRef = 7FB07B9C2A6294B90064D7FE /* MovingDetector.swift */; };
		7FB07BA42A62A4510064D7FE /* SessionExtend.swift in Sources */ = {isa = PBXBuildFile; fileRef = 7FB07BA32A62A4510064D7FE /* SessionExtend.swift */; };
		7FB8E5892A6F5F9900522CE6 /* TodayViewModel.swift in Sources */ = {isa = PBXBuildFile; fileRef = 7FB8E5882A6F5F9900522CE6 /* TodayViewModel.swift */; };
		7FB8E58B2A6F601500522CE6 /* TodayModel.swift in Sources */ = {isa = PBXBuildFile; fileRef = 7FB8E58A2A6F601500522CE6 /* TodayModel.swift */; };
		7FB8E58D2A6F621700522CE6 /* MondeeLevelView.swift in Sources */ = {isa = PBXBuildFile; fileRef = 7FB8E58C2A6F621700522CE6 /* MondeeLevelView.swift */; };
		7FB8E58F2A6F623A00522CE6 /* MondeeBoxView.swift in Sources */ = {isa = PBXBuildFile; fileRef = 7FB8E58E2A6F623A00522CE6 /* MondeeBoxView.swift */; };
		A21D8FBC2A60FB6600A19EF5 /* SuccessView.swift in Sources */ = {isa = PBXBuildFile; fileRef = A21D8FBB2A60FB6600A19EF5 /* SuccessView.swift */; };
		A21D8FC02A616D7700A19EF5 /* RetryFailView.swift in Sources */ = {isa = PBXBuildFile; fileRef = A21D8FBF2A616D7700A19EF5 /* RetryFailView.swift */; };
		A28331E62A774D0F00582AD6 /* SplashScreen.swift in Sources */ = {isa = PBXBuildFile; fileRef = A28331E52A774D0F00582AD6 /* SplashScreen.swift */; };
		A28331E82A774D1D00582AD6 /* Lottie.swift in Sources */ = {isa = PBXBuildFile; fileRef = A28331E72A774D1D00582AD6 /* Lottie.swift */; };
		A28331EB2A774EBA00582AD6 /* Lottie in Frameworks */ = {isa = PBXBuildFile; productRef = A28331EA2A774EBA00582AD6 /* Lottie */; };
		A28331F72A77596900582AD6 /* MonDee.Mp3 in Resources */ = {isa = PBXBuildFile; fileRef = A28331F62A77596900582AD6 /* MonDee.Mp3 */; };
		A28331F92A7763BA00582AD6 /* SplashScreenMondee.json in Resources */ = {isa = PBXBuildFile; fileRef = A28331F82A7763BA00582AD6 /* SplashScreenMondee.json */; };
		A2A44CC12A6F7DFB00ED8234 /* LevelPopupView.swift in Sources */ = {isa = PBXBuildFile; fileRef = A2A44CC02A6F7DFB00ED8234 /* LevelPopupView.swift */; };
		A2A44CC32A71665800ED8234 /* AfterSuccessPopupView.swift in Sources */ = {isa = PBXBuildFile; fileRef = A2A44CC22A71665800ED8234 /* AfterSuccessPopupView.swift */; };
		BE398DB12A773DE200573930 /* GameRulePopupView.swift in Sources */ = {isa = PBXBuildFile; fileRef = BE398DB02A773DE200573930 /* GameRulePopupView.swift */; };
		BEBF14852A68EA8B006F52CE /* OnboardingView.swift in Sources */ = {isa = PBXBuildFile; fileRef = BEBF14842A68EA8B006F52CE /* OnboardingView.swift */; };
		F00DEB8C2A7013C300FF0FCF /* CleanViewModel.swift in Sources */ = {isa = PBXBuildFile; fileRef = F00DEB8B2A7013C300FF0FCF /* CleanViewModel.swift */; };
		F00DEB8E2A7020B400FF0FCF /* LatestCollectedMondeeView.swift in Sources */ = {isa = PBXBuildFile; fileRef = F00DEB8D2A7020B400FF0FCF /* LatestCollectedMondeeView.swift */; };
		F00DEB902A702AF800FF0FCF /* CollectedMondeeGridView.swift in Sources */ = {isa = PBXBuildFile; fileRef = F00DEB8F2A702AF800FF0FCF /* CollectedMondeeGridView.swift */; };
		F00DEB922A7043FA00FF0FCF /* CollectedMondeeDetailCardView.swift in Sources */ = {isa = PBXBuildFile; fileRef = F00DEB912A7043FA00FF0FCF /* CollectedMondeeDetailCardView.swift */; };
		F00DEB962A70BD4100FF0FCF /* MondeeDrawTestView.swift in Sources */ = {isa = PBXBuildFile; fileRef = F00DEB952A70BD4100FF0FCF /* MondeeDrawTestView.swift */; };
		F00DEB982A7146FD00FF0FCF /* MondeeDrawModel.swift in Sources */ = {isa = PBXBuildFile; fileRef = F00DEB972A7146FD00FF0FCF /* MondeeDrawModel.swift */; };
		F040CFE12A72D11A00805728 /* SharingCardView.swift in Sources */ = {isa = PBXBuildFile; fileRef = F040CFE02A72D11A00805728 /* SharingCardView.swift */; };
		F0430AC92A736FE2003104D0 /* RecordViewModel.swift in Sources */ = {isa = PBXBuildFile; fileRef = F0430AC82A736FE2003104D0 /* RecordViewModel.swift */; };
		F0527A3A2A6E41F8001923F7 /* ColorSystem.swift in Sources */ = {isa = PBXBuildFile; fileRef = F0527A392A6E41F8001923F7 /* ColorSystem.swift */; };
		F0527A3C2A6E5596001923F7 /* ButtonSystem.swift in Sources */ = {isa = PBXBuildFile; fileRef = F0527A3B2A6E5596001923F7 /* ButtonSystem.swift */; };
		F09EB5AA2A72A55F00D0EA5E /* SharingCard2View.swift in Sources */ = {isa = PBXBuildFile; fileRef = F09EB5A92A72A55F00D0EA5E /* SharingCard2View.swift */; };
		F09EB5AD2A72AFB800D0EA5E /* SharingCard1View.swift in Sources */ = {isa = PBXBuildFile; fileRef = F09EB5AC2A72AFB800D0EA5E /* SharingCard1View.swift */; };
		F0A48FA72A6BD16800A8E74E /* ShareView.swift in Sources */ = {isa = PBXBuildFile; fileRef = F0A48FA62A6BD16800A8E74E /* ShareView.swift */; };
		F0A48FA82A6BDE0A00A8E74E /* Modifier.swift in Sources */ = {isa = PBXBuildFile; fileRef = 29DFB3FA2A66282000C4DBD2 /* Modifier.swift */; };
/* End PBXBuildFile section */

/* Begin PBXContainerItemProxy section */
		2919A77D2A5D009A000B6CF6 /* PBXContainerItemProxy */ = {
			isa = PBXContainerItemProxy;
			containerPortal = 2919A7632A5D0098000B6CF6 /* Project object */;
			proxyType = 1;
			remoteGlobalIDString = 2919A77A2A5D009A000B6CF6;
			remoteInfo = "Mondee Watch App";
		};
/* End PBXContainerItemProxy section */

/* Begin PBXCopyFilesBuildPhase section */
		2919A78E2A5D009B000B6CF6 /* Embed Watch Content */ = {
			isa = PBXCopyFilesBuildPhase;
			buildActionMask = 2147483647;
			dstPath = "$(CONTENTS_FOLDER_PATH)/Watch";
			dstSubfolderSpec = 16;
			files = (
				2919A77C2A5D009A000B6CF6 /* Mondee Watch App.app in Embed Watch Content */,
			);
			name = "Embed Watch Content";
			runOnlyForDeploymentPostprocessing = 0;
		};
/* End PBXCopyFilesBuildPhase section */

/* Begin PBXFileReference section */
		076E2FDE2A721E8400109D7B /* UserDataModel.swift */ = {isa = PBXFileReference; lastKnownFileType = sourcecode.swift; path = UserDataModel.swift; sourceTree = "<group>"; };
		076E2FE02A721ECB00109D7B /* PhoneDataModel.swift */ = {isa = PBXFileReference; lastKnownFileType = sourcecode.swift; path = PhoneDataModel.swift; sourceTree = "<group>"; };
		076E2FE22A7220C500109D7B /* WatchDataModel.swift */ = {isa = PBXFileReference; lastKnownFileType = sourcecode.swift; path = WatchDataModel.swift; sourceTree = "<group>"; };
		078D5F982A602B4B00BD5557 /* GameView.swift */ = {isa = PBXFileReference; lastKnownFileType = sourcecode.swift; path = GameView.swift; sourceTree = "<group>"; };
		07D962FB2A6146C400CFDFFC /* PreparationView.swift */ = {isa = PBXFileReference; lastKnownFileType = sourcecode.swift; path = PreparationView.swift; sourceTree = "<group>"; };
		07D962FE2A62B71600CFDFFC /* Mondee.swift */ = {isa = PBXFileReference; lastKnownFileType = sourcecode.swift; path = Mondee.swift; sourceTree = "<group>"; };
		07D963002A62C5A500CFDFFC /* ArrowAnimation.swift */ = {isa = PBXFileReference; lastKnownFileType = sourcecode.swift; path = ArrowAnimation.swift; sourceTree = "<group>"; };
		2900B1142A6986E100B7AEFD /* ConfettiCannon.swift */ = {isa = PBXFileReference; fileEncoding = 4; lastKnownFileType = sourcecode.swift; path = ConfettiCannon.swift; sourceTree = "<group>"; };
		2900B1172A6986E700B7AEFD /* ConfettiSwiftUI.swift */ = {isa = PBXFileReference; fileEncoding = 4; lastKnownFileType = sourcecode.swift; path = ConfettiSwiftUI.swift; sourceTree = "<group>"; };
		2900B11A2A6986EE00B7AEFD /* RoundedCross.swift */ = {isa = PBXFileReference; fileEncoding = 4; lastKnownFileType = sourcecode.swift; path = RoundedCross.swift; sourceTree = "<group>"; };
		2900B11D2A6986F500B7AEFD /* SlimRectangle.swift */ = {isa = PBXFileReference; fileEncoding = 4; lastKnownFileType = sourcecode.swift; path = SlimRectangle.swift; sourceTree = "<group>"; };
		2900B1202A6986FC00B7AEFD /* Triangle.swift */ = {isa = PBXFileReference; fileEncoding = 4; lastKnownFileType = sourcecode.swift; path = Triangle.swift; sourceTree = "<group>"; };
		290DC0B82A70AF76005D5150 /* CleanRoomModel.swift */ = {isa = PBXFileReference; lastKnownFileType = sourcecode.swift; path = CleanRoomModel.swift; sourceTree = "<group>"; };
		2919A76B2A5D0099000B6CF6 /* Mondee.app */ = {isa = PBXFileReference; explicitFileType = wrapper.application; includeInIndex = 0; path = Mondee.app; sourceTree = BUILT_PRODUCTS_DIR; };
		2919A76E2A5D0099000B6CF6 /* MondeeApp.swift */ = {isa = PBXFileReference; lastKnownFileType = sourcecode.swift; path = MondeeApp.swift; sourceTree = "<group>"; };
		2919A7702A5D0099000B6CF6 /* ContentView.swift */ = {isa = PBXFileReference; lastKnownFileType = sourcecode.swift; path = ContentView.swift; sourceTree = "<group>"; };
		2919A7722A5D009A000B6CF6 /* Assets.xcassets */ = {isa = PBXFileReference; lastKnownFileType = folder.assetcatalog; path = Assets.xcassets; sourceTree = "<group>"; };
		2919A7752A5D009A000B6CF6 /* Preview Assets.xcassets */ = {isa = PBXFileReference; lastKnownFileType = folder.assetcatalog; path = "Preview Assets.xcassets"; sourceTree = "<group>"; };
		2919A77B2A5D009A000B6CF6 /* Mondee Watch App.app */ = {isa = PBXFileReference; explicitFileType = wrapper.application; includeInIndex = 0; path = "Mondee Watch App.app"; sourceTree = BUILT_PRODUCTS_DIR; };
		2919A7802A5D009A000B6CF6 /* MondeeApp.swift */ = {isa = PBXFileReference; lastKnownFileType = sourcecode.swift; path = MondeeApp.swift; sourceTree = "<group>"; };
		2919A7822A5D009A000B6CF6 /* ContentView.swift */ = {isa = PBXFileReference; lastKnownFileType = sourcecode.swift; path = ContentView.swift; sourceTree = "<group>"; };
		2919A7842A5D009B000B6CF6 /* Assets.xcassets */ = {isa = PBXFileReference; lastKnownFileType = folder.assetcatalog; path = Assets.xcassets; sourceTree = "<group>"; };
		2919A7872A5D009B000B6CF6 /* Preview Assets.xcassets */ = {isa = PBXFileReference; lastKnownFileType = folder.assetcatalog; path = "Preview Assets.xcassets"; sourceTree = "<group>"; };
		292CE6C32A5ECD8000BEE4AF /* SampleViewModel.swift */ = {isa = PBXFileReference; lastKnownFileType = sourcecode.swift; path = SampleViewModel.swift; sourceTree = "<group>"; };
		293EA05B2A63BBD300C3615F /* GameResultModel.swift */ = {isa = PBXFileReference; lastKnownFileType = sourcecode.swift; path = GameResultModel.swift; sourceTree = "<group>"; };
		29623FAC2A69278300B4B380 /* CustomTabBar.swift */ = {isa = PBXFileReference; lastKnownFileType = sourcecode.swift; path = CustomTabBar.swift; sourceTree = "<group>"; };
		29623FAE2A69307500B4B380 /* CustomTabView.swift */ = {isa = PBXFileReference; lastKnownFileType = sourcecode.swift; path = CustomTabView.swift; sourceTree = "<group>"; };
		29623FB42A6941DC00B4B380 /* TodayView.swift */ = {isa = PBXFileReference; lastKnownFileType = sourcecode.swift; path = TodayView.swift; sourceTree = "<group>"; };
		29623FB62A6941F100B4B380 /* RecordView.swift */ = {isa = PBXFileReference; lastKnownFileType = sourcecode.swift; path = RecordView.swift; sourceTree = "<group>"; };
		29623FB82A69420D00B4B380 /* CleanRoomView.swift */ = {isa = PBXFileReference; lastKnownFileType = sourcecode.swift; path = CleanRoomView.swift; sourceTree = "<group>"; };
		2978810B2A64E21C00EEC328 /* BeforeGameCountView.swift */ = {isa = PBXFileReference; fileEncoding = 4; lastKnownFileType = sourcecode.swift; path = BeforeGameCountView.swift; sourceTree = "<group>"; };
		298F913E2A69605C002D36B3 /* TabModel.swift */ = {isa = PBXFileReference; lastKnownFileType = sourcecode.swift; path = TabModel.swift; sourceTree = "<group>"; };
		29A8A39B2A6D7E70007C24A5 /* RecordTitleArea.swift */ = {isa = PBXFileReference; lastKnownFileType = sourcecode.swift; path = RecordTitleArea.swift; sourceTree = "<group>"; };
		29A8A39F2A6D80ED007C24A5 /* RecordCalendarView.swift */ = {isa = PBXFileReference; lastKnownFileType = sourcecode.swift; path = RecordCalendarView.swift; sourceTree = "<group>"; };
		29A8A3A32A6D8C17007C24A5 /* DateViewModel.swift */ = {isa = PBXFileReference; lastKnownFileType = sourcecode.swift; path = DateViewModel.swift; sourceTree = "<group>"; };
		29A8A3A52A6D8CE2007C24A5 /* DateExtensions.swift */ = {isa = PBXFileReference; lastKnownFileType = sourcecode.swift; path = DateExtensions.swift; sourceTree = "<group>"; };
		29AAE3842A6EDBF6008913C2 /* RecordCalendarArea.swift */ = {isa = PBXFileReference; lastKnownFileType = sourcecode.swift; path = RecordCalendarArea.swift; sourceTree = "<group>"; };
		29AAE3862A6F3DA5008913C2 /* MonthStatistics.swift */ = {isa = PBXFileReference; lastKnownFileType = sourcecode.swift; path = MonthStatistics.swift; sourceTree = "<group>"; };
		29AAE3882A6F9895008913C2 /* TotalStatistics.swift */ = {isa = PBXFileReference; lastKnownFileType = sourcecode.swift; path = TotalStatistics.swift; sourceTree = "<group>"; };
		29B3E8FA2A666682001A5856 /* FinalFailView.swift */ = {isa = PBXFileReference; lastKnownFileType = sourcecode.swift; path = FinalFailView.swift; sourceTree = "<group>"; };
		29CAC95B2A6511D40038954C /* GameOptionView.swift */ = {isa = PBXFileReference; lastKnownFileType = sourcecode.swift; path = GameOptionView.swift; sourceTree = "<group>"; };
		29D55B662A652B1E00B0AB26 /* GuideView.swift */ = {isa = PBXFileReference; lastKnownFileType = sourcecode.swift; path = GuideView.swift; sourceTree = "<group>"; };
		29DFB3FA2A66282000C4DBD2 /* Modifier.swift */ = {isa = PBXFileReference; lastKnownFileType = sourcecode.swift; path = Modifier.swift; sourceTree = "<group>"; };
		7F06EECE2A62D30700946310 /* PlayView.swift */ = {isa = PBXFileReference; lastKnownFileType = sourcecode.swift; path = PlayView.swift; sourceTree = "<group>"; };
		7F06EED82A62E71A00946310 /* Constants.swift */ = {isa = PBXFileReference; lastKnownFileType = sourcecode.swift; path = Constants.swift; sourceTree = "<group>"; };
		7F06EEDA2A62EAA200946310 /* GameStateManager.swift */ = {isa = PBXFileReference; lastKnownFileType = sourcecode.swift; path = GameStateManager.swift; sourceTree = "<group>"; };
		7F163DF02A735D6D003F7009 /* MondeeModel.swift */ = {isa = PBXFileReference; lastKnownFileType = sourcecode.swift; path = MondeeModel.swift; sourceTree = "<group>"; };
		7F9D8D512A676CE7006F04CA /* MondeeImageView.swift */ = {isa = PBXFileReference; lastKnownFileType = sourcecode.swift; path = MondeeImageView.swift; sourceTree = "<group>"; };
		7F9D8D542A676EF3006F04CA /* HeartCountView.swift */ = {isa = PBXFileReference; lastKnownFileType = sourcecode.swift; path = HeartCountView.swift; sourceTree = "<group>"; };
		7FB07B9C2A6294B90064D7FE /* MovingDetector.swift */ = {isa = PBXFileReference; lastKnownFileType = sourcecode.swift; path = MovingDetector.swift; sourceTree = "<group>"; };
		7FB07BA32A62A4510064D7FE /* SessionExtend.swift */ = {isa = PBXFileReference; lastKnownFileType = sourcecode.swift; path = SessionExtend.swift; sourceTree = "<group>"; };
		7FB8E5882A6F5F9900522CE6 /* TodayViewModel.swift */ = {isa = PBXFileReference; lastKnownFileType = sourcecode.swift; path = TodayViewModel.swift; sourceTree = "<group>"; };
		7FB8E58A2A6F601500522CE6 /* TodayModel.swift */ = {isa = PBXFileReference; lastKnownFileType = sourcecode.swift; path = TodayModel.swift; sourceTree = "<group>"; };
		7FB8E58C2A6F621700522CE6 /* MondeeLevelView.swift */ = {isa = PBXFileReference; lastKnownFileType = sourcecode.swift; path = MondeeLevelView.swift; sourceTree = "<group>"; };
		7FB8E58E2A6F623A00522CE6 /* MondeeBoxView.swift */ = {isa = PBXFileReference; lastKnownFileType = sourcecode.swift; path = MondeeBoxView.swift; sourceTree = "<group>"; };
		A21D8FBB2A60FB6600A19EF5 /* SuccessView.swift */ = {isa = PBXFileReference; lastKnownFileType = sourcecode.swift; path = SuccessView.swift; sourceTree = "<group>"; };
		A21D8FBF2A616D7700A19EF5 /* RetryFailView.swift */ = {isa = PBXFileReference; lastKnownFileType = sourcecode.swift; path = RetryFailView.swift; sourceTree = "<group>"; };
		A28331E52A774D0F00582AD6 /* SplashScreen.swift */ = {isa = PBXFileReference; lastKnownFileType = sourcecode.swift; path = SplashScreen.swift; sourceTree = "<group>"; };
		A28331E72A774D1D00582AD6 /* Lottie.swift */ = {isa = PBXFileReference; lastKnownFileType = sourcecode.swift; path = Lottie.swift; sourceTree = "<group>"; };
		A28331F62A77596900582AD6 /* MonDee.Mp3 */ = {isa = PBXFileReference; lastKnownFileType = audio.mp3; path = MonDee.Mp3; sourceTree = "<group>"; };
		A28331F82A7763BA00582AD6 /* SplashScreenMondee.json */ = {isa = PBXFileReference; fileEncoding = 4; lastKnownFileType = text.json; path = SplashScreenMondee.json; sourceTree = "<group>"; };
		A2A44CC02A6F7DFB00ED8234 /* LevelPopupView.swift */ = {isa = PBXFileReference; lastKnownFileType = sourcecode.swift; path = LevelPopupView.swift; sourceTree = "<group>"; };
		A2A44CC22A71665800ED8234 /* AfterSuccessPopupView.swift */ = {isa = PBXFileReference; lastKnownFileType = sourcecode.swift; path = AfterSuccessPopupView.swift; sourceTree = "<group>"; };
		BE398DB02A773DE200573930 /* GameRulePopupView.swift */ = {isa = PBXFileReference; lastKnownFileType = sourcecode.swift; path = GameRulePopupView.swift; sourceTree = "<group>"; };
		BEBF14842A68EA8B006F52CE /* OnboardingView.swift */ = {isa = PBXFileReference; lastKnownFileType = sourcecode.swift; path = OnboardingView.swift; sourceTree = "<group>"; };
		F00DEB8B2A7013C300FF0FCF /* CleanViewModel.swift */ = {isa = PBXFileReference; lastKnownFileType = sourcecode.swift; path = CleanViewModel.swift; sourceTree = "<group>"; };
		F00DEB8D2A7020B400FF0FCF /* LatestCollectedMondeeView.swift */ = {isa = PBXFileReference; lastKnownFileType = sourcecode.swift; path = LatestCollectedMondeeView.swift; sourceTree = "<group>"; };
		F00DEB8F2A702AF800FF0FCF /* CollectedMondeeGridView.swift */ = {isa = PBXFileReference; lastKnownFileType = sourcecode.swift; path = CollectedMondeeGridView.swift; sourceTree = "<group>"; };
		F00DEB912A7043FA00FF0FCF /* CollectedMondeeDetailCardView.swift */ = {isa = PBXFileReference; lastKnownFileType = sourcecode.swift; path = CollectedMondeeDetailCardView.swift; sourceTree = "<group>"; };
		F00DEB952A70BD4100FF0FCF /* MondeeDrawTestView.swift */ = {isa = PBXFileReference; lastKnownFileType = sourcecode.swift; path = MondeeDrawTestView.swift; sourceTree = "<group>"; };
		F00DEB972A7146FD00FF0FCF /* MondeeDrawModel.swift */ = {isa = PBXFileReference; lastKnownFileType = sourcecode.swift; path = MondeeDrawModel.swift; sourceTree = "<group>"; };
		F040CFE02A72D11A00805728 /* SharingCardView.swift */ = {isa = PBXFileReference; lastKnownFileType = sourcecode.swift; path = SharingCardView.swift; sourceTree = "<group>"; };
		F0430AC82A736FE2003104D0 /* RecordViewModel.swift */ = {isa = PBXFileReference; lastKnownFileType = sourcecode.swift; path = RecordViewModel.swift; sourceTree = "<group>"; };
		F0527A392A6E41F8001923F7 /* ColorSystem.swift */ = {isa = PBXFileReference; lastKnownFileType = sourcecode.swift; path = ColorSystem.swift; sourceTree = "<group>"; };
		F0527A3B2A6E5596001923F7 /* ButtonSystem.swift */ = {isa = PBXFileReference; lastKnownFileType = sourcecode.swift; path = ButtonSystem.swift; sourceTree = "<group>"; };
		F09EB5A92A72A55F00D0EA5E /* SharingCard2View.swift */ = {isa = PBXFileReference; lastKnownFileType = sourcecode.swift; path = SharingCard2View.swift; sourceTree = "<group>"; };
		F09EB5AC2A72AFB800D0EA5E /* SharingCard1View.swift */ = {isa = PBXFileReference; lastKnownFileType = sourcecode.swift; path = SharingCard1View.swift; sourceTree = "<group>"; };
		F0A48FA62A6BD16800A8E74E /* ShareView.swift */ = {isa = PBXFileReference; lastKnownFileType = sourcecode.swift; path = ShareView.swift; sourceTree = "<group>"; };
/* End PBXFileReference section */

/* Begin PBXFrameworksBuildPhase section */
		2919A7682A5D0099000B6CF6 /* Frameworks */ = {
			isa = PBXFrameworksBuildPhase;
			buildActionMask = 2147483647;
			files = (
				A28331EB2A774EBA00582AD6 /* Lottie in Frameworks */,
			);
			runOnlyForDeploymentPostprocessing = 0;
		};
		2919A7782A5D009A000B6CF6 /* Frameworks */ = {
			isa = PBXFrameworksBuildPhase;
			buildActionMask = 2147483647;
			files = (
			);
			runOnlyForDeploymentPostprocessing = 0;
		};
/* End PBXFrameworksBuildPhase section */

/* Begin PBXGroup section */
		07D962FD2A62B6E400CFDFFC /* Preparation */ = {
			isa = PBXGroup;
			children = (
				07D962FB2A6146C400CFDFFC /* PreparationView.swift */,
				07D962FE2A62B71600CFDFFC /* Mondee.swift */,
				07D963002A62C5A500CFDFFC /* ArrowAnimation.swift */,
			);
			path = Preparation;
			sourceTree = "<group>";
		};
		2900B1132A6986CE00B7AEFD /* Confetti */ = {
			isa = PBXGroup;
			children = (
				2900B1142A6986E100B7AEFD /* ConfettiCannon.swift */,
				2900B1172A6986E700B7AEFD /* ConfettiSwiftUI.swift */,
				2900B11A2A6986EE00B7AEFD /* RoundedCross.swift */,
				2900B11D2A6986F500B7AEFD /* SlimRectangle.swift */,
				2900B1202A6986FC00B7AEFD /* Triangle.swift */,
			);
			path = Confetti;
			sourceTree = "<group>";
		};
		2919A7622A5D0098000B6CF6 = {
			isa = PBXGroup;
			children = (
				2919A76D2A5D0099000B6CF6 /* Mondee */,
				2919A77F2A5D009A000B6CF6 /* Mondee Watch App */,
				2919A76C2A5D0099000B6CF6 /* Products */,
			);
			sourceTree = "<group>";
		};
		2919A76C2A5D0099000B6CF6 /* Products */ = {
			isa = PBXGroup;
			children = (
				2919A76B2A5D0099000B6CF6 /* Mondee.app */,
				2919A77B2A5D009A000B6CF6 /* Mondee Watch App.app */,
			);
			name = Products;
			sourceTree = "<group>";
		};
		2919A76D2A5D0099000B6CF6 /* Mondee */ = {
			isa = PBXGroup;
			children = (
				2919A76E2A5D0099000B6CF6 /* MondeeApp.swift */,
				292CE6C02A5ECD0400BEE4AF /* Model */,
				292CE6C12A5ECD0D00BEE4AF /* View */,
				292CE6C22A5ECD1900BEE4AF /* ViewModel */,
				2919A7722A5D009A000B6CF6 /* Assets.xcassets */,
				A28331F62A77596900582AD6 /* MonDee.Mp3 */,
				2919A7742A5D009A000B6CF6 /* Preview Content */,
			);
			path = Mondee;
			sourceTree = "<group>";
		};
		2919A7742A5D009A000B6CF6 /* Preview Content */ = {
			isa = PBXGroup;
			children = (
				2919A7752A5D009A000B6CF6 /* Preview Assets.xcassets */,
			);
			path = "Preview Content";
			sourceTree = "<group>";
		};
		2919A77F2A5D009A000B6CF6 /* Mondee Watch App */ = {
			isa = PBXGroup;
			children = (
				2919A7802A5D009A000B6CF6 /* MondeeApp.swift */,
				7FB07BA22A62A4090064D7FE /* Extension */,
				292CE6C72A5ECD9500BEE4AF /* Model */,
				292CE6C82A5ECD9E00BEE4AF /* View */,
				292CE6C92A5ECDAF00BEE4AF /* ViewModel */,
				7F06EED82A62E71A00946310 /* Constants.swift */,
				2919A7842A5D009B000B6CF6 /* Assets.xcassets */,
				2919A7862A5D009B000B6CF6 /* Preview Content */,
			);
			path = "Mondee Watch App";
			sourceTree = "<group>";
		};
		2919A7862A5D009B000B6CF6 /* Preview Content */ = {
			isa = PBXGroup;
			children = (
				2919A7872A5D009B000B6CF6 /* Preview Assets.xcassets */,
			);
			path = "Preview Content";
			sourceTree = "<group>";
		};
		292CE6C02A5ECD0400BEE4AF /* Model */ = {
			isa = PBXGroup;
			children = (
				298F913E2A69605C002D36B3 /* TabModel.swift */,
				7FB8E58A2A6F601500522CE6 /* TodayModel.swift */,
				076E2FDE2A721E8400109D7B /* UserDataModel.swift */,
				076E2FE02A721ECB00109D7B /* PhoneDataModel.swift */,
				290DC0B82A70AF76005D5150 /* CleanRoomModel.swift */,
				7F163DF02A735D6D003F7009 /* MondeeModel.swift */,
			);
			path = Model;
			sourceTree = "<group>";
		};
		292CE6C12A5ECD0D00BEE4AF /* View */ = {
			isa = PBXGroup;
			children = (
				F0527A382A6E41D4001923F7 /* DesignSystem */,
				2919A7702A5D0099000B6CF6 /* ContentView.swift */,
				BEBF14842A68EA8B006F52CE /* OnboardingView.swift */,
				29623FAE2A69307500B4B380 /* CustomTabView.swift */,
				29623FB02A69307D00B4B380 /* TabBar */,
				29623FB12A69419500B4B380 /* TodayView */,
				29623FB22A6941AA00B4B380 /* RecordView */,
				29623FB32A6941C300B4B380 /* CleanRoomView */,
			);
			path = View;
			sourceTree = "<group>";
		};
		292CE6C22A5ECD1900BEE4AF /* ViewModel */ = {
			isa = PBXGroup;
			children = (
				292CE6C32A5ECD8000BEE4AF /* SampleViewModel.swift */,
				7FB8E5882A6F5F9900522CE6 /* TodayViewModel.swift */,
				F00DEB952A70BD4100FF0FCF /* MondeeDrawTestView.swift */,
				F00DEB972A7146FD00FF0FCF /* MondeeDrawModel.swift */,
				F00DEB8B2A7013C300FF0FCF /* CleanViewModel.swift */,
				F0430AC82A736FE2003104D0 /* RecordViewModel.swift */,
			);
			path = ViewModel;
			sourceTree = "<group>";
		};
		292CE6C72A5ECD9500BEE4AF /* Model */ = {
			isa = PBXGroup;
			children = (
				293EA05B2A63BBD300C3615F /* GameResultModel.swift */,
				076E2FE22A7220C500109D7B /* WatchDataModel.swift */,
			);
			path = Model;
			sourceTree = "<group>";
		};
		292CE6C82A5ECD9E00BEE4AF /* View */ = {
			isa = PBXGroup;
			children = (
				2919A7822A5D009A000B6CF6 /* ContentView.swift */,
				078D5F982A602B4B00BD5557 /* GameView.swift */,
				29DFB3F92A6627FF00C4DBD2 /* Modifier */,
				07D962FD2A62B6E400CFDFFC /* Preparation */,
				7F06EED52A62DE3100946310 /* Guide */,
				7F06EECD2A62D2C500946310 /* Play */,
				7F06EED22A62DCE600946310 /* Result */,
			);
			path = View;
			sourceTree = "<group>";
		};
		292CE6C92A5ECDAF00BEE4AF /* ViewModel */ = {
			isa = PBXGroup;
			children = (
				7FB07B9C2A6294B90064D7FE /* MovingDetector.swift */,
				7F06EEDA2A62EAA200946310 /* GameStateManager.swift */,
			);
			path = ViewModel;
			sourceTree = "<group>";
		};
		29623FB02A69307D00B4B380 /* TabBar */ = {
			isa = PBXGroup;
			children = (
				29623FAC2A69278300B4B380 /* CustomTabBar.swift */,
			);
			path = TabBar;
			sourceTree = "<group>";
		};
		29623FB12A69419500B4B380 /* TodayView */ = {
			isa = PBXGroup;
			children = (
				29623FB42A6941DC00B4B380 /* TodayView.swift */,
				A28331E52A774D0F00582AD6 /* SplashScreen.swift */,
				A28331E72A774D1D00582AD6 /* Lottie.swift */,
				A28331F82A7763BA00582AD6 /* SplashScreenMondee.json */,
				7FB8E58C2A6F621700522CE6 /* MondeeLevelView.swift */,
				7FB8E58E2A6F623A00522CE6 /* MondeeBoxView.swift */,
				F0A48FA62A6BD16800A8E74E /* ShareView.swift */,
				BE398DB02A773DE200573930 /* GameRulePopupView.swift */,
				F040CFE02A72D11A00805728 /* SharingCardView.swift */,
				F09EB5AB2A72A56600D0EA5E /* SharingCards */,
				A2A44CC02A6F7DFB00ED8234 /* LevelPopupView.swift */,
				A2A44CC22A71665800ED8234 /* AfterSuccessPopupView.swift */,
			);
			path = TodayView;
			sourceTree = "<group>";
		};
		29623FB22A6941AA00B4B380 /* RecordView */ = {
			isa = PBXGroup;
			children = (
				29623FB62A6941F100B4B380 /* RecordView.swift */,
				29A8A39B2A6D7E70007C24A5 /* RecordTitleArea.swift */,
				29AAE3842A6EDBF6008913C2 /* RecordCalendarArea.swift */,
				29A8A39F2A6D80ED007C24A5 /* RecordCalendarView.swift */,
				29AAE3862A6F3DA5008913C2 /* MonthStatistics.swift */,
				29AAE3882A6F9895008913C2 /* TotalStatistics.swift */,
				29A8A3A52A6D8CE2007C24A5 /* DateExtensions.swift */,
				29A8A3A32A6D8C17007C24A5 /* DateViewModel.swift */,
			);
			path = RecordView;
			sourceTree = "<group>";
		};
		29623FB32A6941C300B4B380 /* CleanRoomView */ = {
			isa = PBXGroup;
			children = (
				29623FB82A69420D00B4B380 /* CleanRoomView.swift */,
				F00DEB8D2A7020B400FF0FCF /* LatestCollectedMondeeView.swift */,
				F00DEB8F2A702AF800FF0FCF /* CollectedMondeeGridView.swift */,
				F00DEB912A7043FA00FF0FCF /* CollectedMondeeDetailCardView.swift */,
			);
			path = CleanRoomView;
			sourceTree = "<group>";
		};
		29DFB3F92A6627FF00C4DBD2 /* Modifier */ = {
			isa = PBXGroup;
			children = (
				29DFB3FA2A66282000C4DBD2 /* Modifier.swift */,
			);
			path = Modifier;
			sourceTree = "<group>";
		};
		7F06EECD2A62D2C500946310 /* Play */ = {
			isa = PBXGroup;
			children = (
				7F06EECE2A62D30700946310 /* PlayView.swift */,
				7F9D8D542A676EF3006F04CA /* HeartCountView.swift */,
				7F9D8D512A676CE7006F04CA /* MondeeImageView.swift */,
				29CAC95B2A6511D40038954C /* GameOptionView.swift */,
			);
			path = Play;
			sourceTree = "<group>";
		};
		7F06EED22A62DCE600946310 /* Result */ = {
			isa = PBXGroup;
			children = (
				2900B1132A6986CE00B7AEFD /* Confetti */,
				A21D8FBB2A60FB6600A19EF5 /* SuccessView.swift */,
				A21D8FBF2A616D7700A19EF5 /* RetryFailView.swift */,
				29B3E8FA2A666682001A5856 /* FinalFailView.swift */,
			);
			path = Result;
			sourceTree = "<group>";
		};
		7F06EED52A62DE3100946310 /* Guide */ = {
			isa = PBXGroup;
			children = (
				29D55B662A652B1E00B0AB26 /* GuideView.swift */,
				2978810B2A64E21C00EEC328 /* BeforeGameCountView.swift */,
			);
			path = Guide;
			sourceTree = "<group>";
		};
		7FB07BA22A62A4090064D7FE /* Extension */ = {
			isa = PBXGroup;
			children = (
				7FB07BA32A62A4510064D7FE /* SessionExtend.swift */,
			);
			path = Extension;
			sourceTree = "<group>";
		};
		F0527A382A6E41D4001923F7 /* DesignSystem */ = {
			isa = PBXGroup;
			children = (
				F0527A392A6E41F8001923F7 /* ColorSystem.swift */,
				F0527A3B2A6E5596001923F7 /* ButtonSystem.swift */,
			);
			path = DesignSystem;
			sourceTree = "<group>";
		};
		F09EB5AB2A72A56600D0EA5E /* SharingCards */ = {
			isa = PBXGroup;
			children = (
				F09EB5AC2A72AFB800D0EA5E /* SharingCard1View.swift */,
				F09EB5A92A72A55F00D0EA5E /* SharingCard2View.swift */,
			);
			path = SharingCards;
			sourceTree = "<group>";
		};
/* End PBXGroup section */

/* Begin PBXNativeTarget section */
		2919A76A2A5D0099000B6CF6 /* Mondee */ = {
			isa = PBXNativeTarget;
			buildConfigurationList = 2919A78F2A5D009B000B6CF6 /* Build configuration list for PBXNativeTarget "Mondee" */;
			buildPhases = (
				2919A7672A5D0099000B6CF6 /* Sources */,
				2919A7682A5D0099000B6CF6 /* Frameworks */,
				2919A7692A5D0099000B6CF6 /* Resources */,
				2919A78E2A5D009B000B6CF6 /* Embed Watch Content */,
			);
			buildRules = (
			);
			dependencies = (
				2919A77E2A5D009A000B6CF6 /* PBXTargetDependency */,
			);
			name = Mondee;
			packageProductDependencies = (
				A28331EA2A774EBA00582AD6 /* Lottie */,
			);
			productName = Mondee;
			productReference = 2919A76B2A5D0099000B6CF6 /* Mondee.app */;
			productType = "com.apple.product-type.application";
		};
		2919A77A2A5D009A000B6CF6 /* Mondee Watch App */ = {
			isa = PBXNativeTarget;
			buildConfigurationList = 2919A78B2A5D009B000B6CF6 /* Build configuration list for PBXNativeTarget "Mondee Watch App" */;
			buildPhases = (
				2919A7772A5D009A000B6CF6 /* Sources */,
				2919A7782A5D009A000B6CF6 /* Frameworks */,
				2919A7792A5D009A000B6CF6 /* Resources */,
			);
			buildRules = (
			);
			dependencies = (
			);
			name = "Mondee Watch App";
			productName = "Mondee Watch App";
			productReference = 2919A77B2A5D009A000B6CF6 /* Mondee Watch App.app */;
			productType = "com.apple.product-type.application";
		};
/* End PBXNativeTarget section */

/* Begin PBXProject section */
		2919A7632A5D0098000B6CF6 /* Project object */ = {
			isa = PBXProject;
			attributes = {
				BuildIndependentTargetsInParallel = 1;
				LastSwiftUpdateCheck = 1430;
				LastUpgradeCheck = 1430;
				TargetAttributes = {
					2919A76A2A5D0099000B6CF6 = {
						CreatedOnToolsVersion = 14.3.1;
					};
					2919A77A2A5D009A000B6CF6 = {
						CreatedOnToolsVersion = 14.3.1;
					};
				};
			};
			buildConfigurationList = 2919A7662A5D0098000B6CF6 /* Build configuration list for PBXProject "Mondee" */;
			compatibilityVersion = "Xcode 14.0";
			developmentRegion = ko;
			hasScannedForEncodings = 0;
			knownRegions = (
				Base,
				ko,
			);
			mainGroup = 2919A7622A5D0098000B6CF6;
			packageReferences = (
				A28331E92A774EBA00582AD6 /* XCRemoteSwiftPackageReference "lottie-ios" */,
			);
			productRefGroup = 2919A76C2A5D0099000B6CF6 /* Products */;
			projectDirPath = "";
			projectRoot = "";
			targets = (
				2919A76A2A5D0099000B6CF6 /* Mondee */,
				2919A77A2A5D009A000B6CF6 /* Mondee Watch App */,
			);
		};
/* End PBXProject section */

/* Begin PBXResourcesBuildPhase section */
		2919A7692A5D0099000B6CF6 /* Resources */ = {
			isa = PBXResourcesBuildPhase;
			buildActionMask = 2147483647;
			files = (
				A28331F72A77596900582AD6 /* MonDee.Mp3 in Resources */,
				2919A7762A5D009A000B6CF6 /* Preview Assets.xcassets in Resources */,
				A28331F92A7763BA00582AD6 /* SplashScreenMondee.json in Resources */,
				2919A7732A5D009A000B6CF6 /* Assets.xcassets in Resources */,
			);
			runOnlyForDeploymentPostprocessing = 0;
		};
		2919A7792A5D009A000B6CF6 /* Resources */ = {
			isa = PBXResourcesBuildPhase;
			buildActionMask = 2147483647;
			files = (
				2919A7882A5D009B000B6CF6 /* Preview Assets.xcassets in Resources */,
				2919A7852A5D009B000B6CF6 /* Assets.xcassets in Resources */,
			);
			runOnlyForDeploymentPostprocessing = 0;
		};
/* End PBXResourcesBuildPhase section */

/* Begin PBXSourcesBuildPhase section */
		2919A7672A5D0099000B6CF6 /* Sources */ = {
			isa = PBXSourcesBuildPhase;
			buildActionMask = 2147483647;
			files = (
				29AAE3872A6F3DA5008913C2 /* MonthStatistics.swift in Sources */,
				7FB8E58B2A6F601500522CE6 /* TodayModel.swift in Sources */,
				F0527A3A2A6E41F8001923F7 /* ColorSystem.swift in Sources */,
				7F163DF12A735D6D003F7009 /* MondeeModel.swift in Sources */,
				F00DEB982A7146FD00FF0FCF /* MondeeDrawModel.swift in Sources */,
				292CE6C42A5ECD8000BEE4AF /* SampleViewModel.swift in Sources */,
				A2A44CC12A6F7DFB00ED8234 /* LevelPopupView.swift in Sources */,
				29AAE3892A6F9895008913C2 /* TotalStatistics.swift in Sources */,
				A28331E82A774D1D00582AD6 /* Lottie.swift in Sources */,
				2919A7712A5D0099000B6CF6 /* ContentView.swift in Sources */,
				2900B1212A6986FC00B7AEFD /* Triangle.swift in Sources */,
				F0A48FA82A6BDE0A00A8E74E /* Modifier.swift in Sources */,
				2900B11E2A6986F500B7AEFD /* SlimRectangle.swift in Sources */,
				29A8A3A62A6D8CE2007C24A5 /* DateExtensions.swift in Sources */,
				29A8A39C2A6D7E70007C24A5 /* RecordTitleArea.swift in Sources */,
				F0527A3C2A6E5596001923F7 /* ButtonSystem.swift in Sources */,
				F09EB5AA2A72A55F00D0EA5E /* SharingCard2View.swift in Sources */,
				F00DEB8C2A7013C300FF0FCF /* CleanViewModel.swift in Sources */,
				A28331E62A774D0F00582AD6 /* SplashScreen.swift in Sources */,
				F040CFE12A72D11A00805728 /* SharingCardView.swift in Sources */,
				290DC0B92A70AF76005D5150 /* CleanRoomModel.swift in Sources */,
				29623FAD2A69278300B4B380 /* CustomTabBar.swift in Sources */,
				7FB8E5892A6F5F9900522CE6 /* TodayViewModel.swift in Sources */,
				076E2FE12A721ECB00109D7B /* PhoneDataModel.swift in Sources */,
				29623FB72A6941F100B4B380 /* RecordView.swift in Sources */,
				F00DEB902A702AF800FF0FCF /* CollectedMondeeGridView.swift in Sources */,
				29623FAF2A69307500B4B380 /* CustomTabView.swift in Sources */,
				29623FB52A6941DC00B4B380 /* TodayView.swift in Sources */,
				2919A76F2A5D0099000B6CF6 /* MondeeApp.swift in Sources */,
				2900B11B2A6986EE00B7AEFD /* RoundedCross.swift in Sources */,
				7FB8E58D2A6F621700522CE6 /* MondeeLevelView.swift in Sources */,
				F0430AC92A736FE2003104D0 /* RecordViewModel.swift in Sources */,
				29D1D3542A66DF0E00A1A3BE /* GameResultModel.swift in Sources */,
				F00DEB962A70BD4100FF0FCF /* MondeeDrawTestView.swift in Sources */,
				A2A44CC32A71665800ED8234 /* AfterSuccessPopupView.swift in Sources */,
				F00DEB8E2A7020B400FF0FCF /* LatestCollectedMondeeView.swift in Sources */,
				BEBF14852A68EA8B006F52CE /* OnboardingView.swift in Sources */,
				2900B1152A6986E100B7AEFD /* ConfettiCannon.swift in Sources */,
				F00DEB922A7043FA00FF0FCF /* CollectedMondeeDetailCardView.swift in Sources */,
				29623FB92A69420D00B4B380 /* CleanRoomView.swift in Sources */,
				298F913F2A69605C002D36B3 /* TabModel.swift in Sources */,
				F0A48FA72A6BD16800A8E74E /* ShareView.swift in Sources */,
				F09EB5AD2A72AFB800D0EA5E /* SharingCard1View.swift in Sources */,
				076E2FDF2A721E8400109D7B /* UserDataModel.swift in Sources */,
				29A8A3A42A6D8C17007C24A5 /* DateViewModel.swift in Sources */,
				29AAE3852A6EDBF6008913C2 /* RecordCalendarArea.swift in Sources */,
				7FB8E58F2A6F623A00522CE6 /* MondeeBoxView.swift in Sources */,
				2900B1182A6986E700B7AEFD /* ConfettiSwiftUI.swift in Sources */,
				29A8A3A02A6D80ED007C24A5 /* RecordCalendarView.swift in Sources */,
				BE398DB12A773DE200573930 /* GameRulePopupView.swift in Sources */,
			);
			runOnlyForDeploymentPostprocessing = 0;
		};
		2919A7772A5D009A000B6CF6 /* Sources */ = {
			isa = PBXSourcesBuildPhase;
			buildActionMask = 2147483647;
			files = (
				07D962FC2A6146C400CFDFFC /* PreparationView.swift in Sources */,
				29DFB3FB2A66282000C4DBD2 /* Modifier.swift in Sources */,
				7F06EECF2A62D30700946310 /* PlayView.swift in Sources */,
				07D963012A62C5A500CFDFFC /* ArrowAnimation.swift in Sources */,
				293EA05D2A63BBD300C3615F /* GameResultModel.swift in Sources */,
				078D5F992A602B4B00BD5557 /* GameView.swift in Sources */,
				2900B1162A6986E100B7AEFD /* ConfettiCannon.swift in Sources */,
				2978810C2A64E21C00EEC328 /* BeforeGameCountView.swift in Sources */,
				2919A7832A5D009A000B6CF6 /* ContentView.swift in Sources */,
				A21D8FBC2A60FB6600A19EF5 /* SuccessView.swift in Sources */,
				A21D8FC02A616D7700A19EF5 /* RetryFailView.swift in Sources */,
				7F9D8D552A676EF3006F04CA /* HeartCountView.swift in Sources */,
				2900B11F2A6986F500B7AEFD /* SlimRectangle.swift in Sources */,
				29D55B672A652B1E00B0AB26 /* GuideView.swift in Sources */,
				29CAC95C2A6511D40038954C /* GameOptionView.swift in Sources */,
				29B3E8FB2A666682001A5856 /* FinalFailView.swift in Sources */,
				2919A7812A5D009A000B6CF6 /* MondeeApp.swift in Sources */,
				2900B1222A6986FC00B7AEFD /* Triangle.swift in Sources */,
				7F9D8D522A676CE7006F04CA /* MondeeImageView.swift in Sources */,
				2900B1192A6986E700B7AEFD /* ConfettiSwiftUI.swift in Sources */,
				2900B11C2A6986EE00B7AEFD /* RoundedCross.swift in Sources */,
				7FB07B9D2A6294B90064D7FE /* MovingDetector.swift in Sources */,
				7FB07BA42A62A4510064D7FE /* SessionExtend.swift in Sources */,
				7F06EEDB2A62EAA200946310 /* GameStateManager.swift in Sources */,
				076E2FE32A7220C500109D7B /* WatchDataModel.swift in Sources */,
				7F06EED92A62E71A00946310 /* Constants.swift in Sources */,
				07D962FF2A62B71600CFDFFC /* Mondee.swift in Sources */,
			);
			runOnlyForDeploymentPostprocessing = 0;
		};
/* End PBXSourcesBuildPhase section */

/* Begin PBXTargetDependency section */
		2919A77E2A5D009A000B6CF6 /* PBXTargetDependency */ = {
			isa = PBXTargetDependency;
			target = 2919A77A2A5D009A000B6CF6 /* Mondee Watch App */;
			targetProxy = 2919A77D2A5D009A000B6CF6 /* PBXContainerItemProxy */;
		};
/* End PBXTargetDependency section */

/* Begin XCBuildConfiguration section */
		2919A7892A5D009B000B6CF6 /* Debug */ = {
			isa = XCBuildConfiguration;
			buildSettings = {
				ALWAYS_SEARCH_USER_PATHS = NO;
				CLANG_ANALYZER_NONNULL = YES;
				CLANG_ANALYZER_NUMBER_OBJECT_CONVERSION = YES_AGGRESSIVE;
				CLANG_CXX_LANGUAGE_STANDARD = "gnu++20";
				CLANG_ENABLE_MODULES = YES;
				CLANG_ENABLE_OBJC_ARC = YES;
				CLANG_ENABLE_OBJC_WEAK = YES;
				CLANG_WARN_BLOCK_CAPTURE_AUTORELEASING = YES;
				CLANG_WARN_BOOL_CONVERSION = YES;
				CLANG_WARN_COMMA = YES;
				CLANG_WARN_CONSTANT_CONVERSION = YES;
				CLANG_WARN_DEPRECATED_OBJC_IMPLEMENTATIONS = YES;
				CLANG_WARN_DIRECT_OBJC_ISA_USAGE = YES_ERROR;
				CLANG_WARN_DOCUMENTATION_COMMENTS = YES;
				CLANG_WARN_EMPTY_BODY = YES;
				CLANG_WARN_ENUM_CONVERSION = YES;
				CLANG_WARN_INFINITE_RECURSION = YES;
				CLANG_WARN_INT_CONVERSION = YES;
				CLANG_WARN_NON_LITERAL_NULL_CONVERSION = YES;
				CLANG_WARN_OBJC_IMPLICIT_RETAIN_SELF = YES;
				CLANG_WARN_OBJC_LITERAL_CONVERSION = YES;
				CLANG_WARN_OBJC_ROOT_CLASS = YES_ERROR;
				CLANG_WARN_QUOTED_INCLUDE_IN_FRAMEWORK_HEADER = YES;
				CLANG_WARN_RANGE_LOOP_ANALYSIS = YES;
				CLANG_WARN_STRICT_PROTOTYPES = YES;
				CLANG_WARN_SUSPICIOUS_MOVE = YES;
				CLANG_WARN_UNGUARDED_AVAILABILITY = YES_AGGRESSIVE;
				CLANG_WARN_UNREACHABLE_CODE = YES;
				CLANG_WARN__DUPLICATE_METHOD_MATCH = YES;
				COPY_PHASE_STRIP = NO;
				DEBUG_INFORMATION_FORMAT = dwarf;
				ENABLE_STRICT_OBJC_MSGSEND = YES;
				ENABLE_TESTABILITY = YES;
				GCC_C_LANGUAGE_STANDARD = gnu11;
				GCC_DYNAMIC_NO_PIC = NO;
				GCC_NO_COMMON_BLOCKS = YES;
				GCC_OPTIMIZATION_LEVEL = 0;
				GCC_PREPROCESSOR_DEFINITIONS = (
					"DEBUG=1",
					"$(inherited)",
				);
				GCC_WARN_64_TO_32_BIT_CONVERSION = YES;
				GCC_WARN_ABOUT_RETURN_TYPE = YES_ERROR;
				GCC_WARN_UNDECLARED_SELECTOR = YES;
				GCC_WARN_UNINITIALIZED_AUTOS = YES_AGGRESSIVE;
				GCC_WARN_UNUSED_FUNCTION = YES;
				GCC_WARN_UNUSED_VARIABLE = YES;
				IPHONEOS_DEPLOYMENT_TARGET = 16.4;
				MTL_ENABLE_DEBUG_INFO = INCLUDE_SOURCE;
				MTL_FAST_MATH = YES;
				ONLY_ACTIVE_ARCH = YES;
				SWIFT_ACTIVE_COMPILATION_CONDITIONS = DEBUG;
				SWIFT_OPTIMIZATION_LEVEL = "-Onone";
			};
			name = Debug;
		};
		2919A78A2A5D009B000B6CF6 /* Release */ = {
			isa = XCBuildConfiguration;
			buildSettings = {
				ALWAYS_SEARCH_USER_PATHS = NO;
				CLANG_ANALYZER_NONNULL = YES;
				CLANG_ANALYZER_NUMBER_OBJECT_CONVERSION = YES_AGGRESSIVE;
				CLANG_CXX_LANGUAGE_STANDARD = "gnu++20";
				CLANG_ENABLE_MODULES = YES;
				CLANG_ENABLE_OBJC_ARC = YES;
				CLANG_ENABLE_OBJC_WEAK = YES;
				CLANG_WARN_BLOCK_CAPTURE_AUTORELEASING = YES;
				CLANG_WARN_BOOL_CONVERSION = YES;
				CLANG_WARN_COMMA = YES;
				CLANG_WARN_CONSTANT_CONVERSION = YES;
				CLANG_WARN_DEPRECATED_OBJC_IMPLEMENTATIONS = YES;
				CLANG_WARN_DIRECT_OBJC_ISA_USAGE = YES_ERROR;
				CLANG_WARN_DOCUMENTATION_COMMENTS = YES;
				CLANG_WARN_EMPTY_BODY = YES;
				CLANG_WARN_ENUM_CONVERSION = YES;
				CLANG_WARN_INFINITE_RECURSION = YES;
				CLANG_WARN_INT_CONVERSION = YES;
				CLANG_WARN_NON_LITERAL_NULL_CONVERSION = YES;
				CLANG_WARN_OBJC_IMPLICIT_RETAIN_SELF = YES;
				CLANG_WARN_OBJC_LITERAL_CONVERSION = YES;
				CLANG_WARN_OBJC_ROOT_CLASS = YES_ERROR;
				CLANG_WARN_QUOTED_INCLUDE_IN_FRAMEWORK_HEADER = YES;
				CLANG_WARN_RANGE_LOOP_ANALYSIS = YES;
				CLANG_WARN_STRICT_PROTOTYPES = YES;
				CLANG_WARN_SUSPICIOUS_MOVE = YES;
				CLANG_WARN_UNGUARDED_AVAILABILITY = YES_AGGRESSIVE;
				CLANG_WARN_UNREACHABLE_CODE = YES;
				CLANG_WARN__DUPLICATE_METHOD_MATCH = YES;
				COPY_PHASE_STRIP = NO;
				DEBUG_INFORMATION_FORMAT = "dwarf-with-dsym";
				ENABLE_NS_ASSERTIONS = NO;
				ENABLE_STRICT_OBJC_MSGSEND = YES;
				GCC_C_LANGUAGE_STANDARD = gnu11;
				GCC_NO_COMMON_BLOCKS = YES;
				GCC_WARN_64_TO_32_BIT_CONVERSION = YES;
				GCC_WARN_ABOUT_RETURN_TYPE = YES_ERROR;
				GCC_WARN_UNDECLARED_SELECTOR = YES;
				GCC_WARN_UNINITIALIZED_AUTOS = YES_AGGRESSIVE;
				GCC_WARN_UNUSED_FUNCTION = YES;
				GCC_WARN_UNUSED_VARIABLE = YES;
				IPHONEOS_DEPLOYMENT_TARGET = 16.4;
				MTL_ENABLE_DEBUG_INFO = NO;
				MTL_FAST_MATH = YES;
				SWIFT_COMPILATION_MODE = wholemodule;
				SWIFT_OPTIMIZATION_LEVEL = "-O";
			};
			name = Release;
		};
		2919A78C2A5D009B000B6CF6 /* Debug */ = {
			isa = XCBuildConfiguration;
			buildSettings = {
				ASSETCATALOG_COMPILER_APPICON_NAME = AppIcon;
				ASSETCATALOG_COMPILER_GLOBAL_ACCENT_COLOR_NAME = AccentColor;
				CODE_SIGN_STYLE = Automatic;
				CURRENT_PROJECT_VERSION = 1;
				DEVELOPMENT_ASSET_PATHS = "\"Mondee Watch App/Preview Content\"";
				DEVELOPMENT_TEAM = 77745NX67K;
				ENABLE_PREVIEWS = YES;
				GENERATE_INFOPLIST_FILE = YES;
				INFOPLIST_FILE = "Mondee-Watch-App-Info.plist";
				INFOPLIST_KEY_CFBundleDisplayName = Mondee;
				INFOPLIST_KEY_UISupportedInterfaceOrientations = "UIInterfaceOrientationPortrait UIInterfaceOrientationPortraitUpsideDown";
				INFOPLIST_KEY_WKCompanionAppBundleIdentifier = hyunjun.Mondee;
				LD_RUNPATH_SEARCH_PATHS = (
					"$(inherited)",
					"@executable_path/Frameworks",
				);
				MARKETING_VERSION = 1.0;
				PRODUCT_BUNDLE_IDENTIFIER = hyunjun.Mondee.watchkitapp;
				PRODUCT_NAME = "$(TARGET_NAME)";
				SDKROOT = watchos;
				SKIP_INSTALL = YES;
				SWIFT_EMIT_LOC_STRINGS = YES;
				SWIFT_VERSION = 5.0;
				TARGETED_DEVICE_FAMILY = 4;
				WATCHOS_DEPLOYMENT_TARGET = 9.4;
			};
			name = Debug;
		};
		2919A78D2A5D009B000B6CF6 /* Release */ = {
			isa = XCBuildConfiguration;
			buildSettings = {
				ASSETCATALOG_COMPILER_APPICON_NAME = AppIcon;
				ASSETCATALOG_COMPILER_GLOBAL_ACCENT_COLOR_NAME = AccentColor;
				CODE_SIGN_STYLE = Automatic;
				CURRENT_PROJECT_VERSION = 1;
				DEVELOPMENT_ASSET_PATHS = "\"Mondee Watch App/Preview Content\"";
				DEVELOPMENT_TEAM = 77745NX67K;
				ENABLE_PREVIEWS = YES;
				GENERATE_INFOPLIST_FILE = YES;
				INFOPLIST_FILE = "Mondee-Watch-App-Info.plist";
				INFOPLIST_KEY_CFBundleDisplayName = Mondee;
				INFOPLIST_KEY_UISupportedInterfaceOrientations = "UIInterfaceOrientationPortrait UIInterfaceOrientationPortraitUpsideDown";
				INFOPLIST_KEY_WKCompanionAppBundleIdentifier = hyunjun.Mondee;
				LD_RUNPATH_SEARCH_PATHS = (
					"$(inherited)",
					"@executable_path/Frameworks",
				);
				MARKETING_VERSION = 1.0;
				PRODUCT_BUNDLE_IDENTIFIER = hyunjun.Mondee.watchkitapp;
				PRODUCT_NAME = "$(TARGET_NAME)";
				SDKROOT = watchos;
				SKIP_INSTALL = YES;
				SWIFT_EMIT_LOC_STRINGS = YES;
				SWIFT_VERSION = 5.0;
				TARGETED_DEVICE_FAMILY = 4;
				VALIDATE_PRODUCT = YES;
				WATCHOS_DEPLOYMENT_TARGET = 9.4;
			};
			name = Release;
		};
		2919A7902A5D009B000B6CF6 /* Debug */ = {
			isa = XCBuildConfiguration;
			buildSettings = {
				ALWAYS_EMBED_SWIFT_STANDARD_LIBRARIES = YES;
				ASSETCATALOG_COMPILER_APPICON_NAME = AppIcon;
				ASSETCATALOG_COMPILER_GLOBAL_ACCENT_COLOR_NAME = AccentColor;
				CODE_SIGN_STYLE = Automatic;
				CURRENT_PROJECT_VERSION = 1;
				DEVELOPMENT_ASSET_PATHS = "\"Mondee/Preview Content\"";
				DEVELOPMENT_TEAM = 77745NX67K;
				ENABLE_PREVIEWS = YES;
				GENERATE_INFOPLIST_FILE = YES;
				INFOPLIST_KEY_CFBundleDisplayName = Mondee;
				INFOPLIST_KEY_NSPhotoLibraryAddUsageDescription = "";
				INFOPLIST_KEY_UIApplicationSceneManifest_Generation = YES;
				INFOPLIST_KEY_UIApplicationSupportsIndirectInputEvents = YES;
				INFOPLIST_KEY_UILaunchScreen_Generation = YES;
				INFOPLIST_KEY_UISupportedInterfaceOrientations_iPad = "UIInterfaceOrientationPortrait UIInterfaceOrientationPortraitUpsideDown UIInterfaceOrientationLandscapeLeft UIInterfaceOrientationLandscapeRight";
				INFOPLIST_KEY_UISupportedInterfaceOrientations_iPhone = "UIInterfaceOrientationPortrait UIInterfaceOrientationLandscapeLeft UIInterfaceOrientationLandscapeRight";
				IPHONEOS_DEPLOYMENT_TARGET = 16.1;
				LD_RUNPATH_SEARCH_PATHS = (
					"$(inherited)",
					"@executable_path/Frameworks",
				);
				MARKETING_VERSION = 1.0;
				PRODUCT_BUNDLE_IDENTIFIER = hyunjun.Mondee;
				PRODUCT_NAME = "$(TARGET_NAME)";
				SDKROOT = iphoneos;
				SWIFT_EMIT_LOC_STRINGS = YES;
				SWIFT_VERSION = 5.0;
				TARGETED_DEVICE_FAMILY = "1,2";
			};
			name = Debug;
		};
		2919A7912A5D009B000B6CF6 /* Release */ = {
			isa = XCBuildConfiguration;
			buildSettings = {
				ALWAYS_EMBED_SWIFT_STANDARD_LIBRARIES = YES;
				ASSETCATALOG_COMPILER_APPICON_NAME = AppIcon;
				ASSETCATALOG_COMPILER_GLOBAL_ACCENT_COLOR_NAME = AccentColor;
				CODE_SIGN_STYLE = Automatic;
				CURRENT_PROJECT_VERSION = 1;
				DEVELOPMENT_ASSET_PATHS = "\"Mondee/Preview Content\"";
				DEVELOPMENT_TEAM = 77745NX67K;
				ENABLE_PREVIEWS = YES;
				GENERATE_INFOPLIST_FILE = YES;
				INFOPLIST_KEY_CFBundleDisplayName = Mondee;
				INFOPLIST_KEY_NSPhotoLibraryAddUsageDescription = "";
				INFOPLIST_KEY_UIApplicationSceneManifest_Generation = YES;
				INFOPLIST_KEY_UIApplicationSupportsIndirectInputEvents = YES;
				INFOPLIST_KEY_UILaunchScreen_Generation = YES;
				INFOPLIST_KEY_UISupportedInterfaceOrientations_iPad = "UIInterfaceOrientationPortrait UIInterfaceOrientationPortraitUpsideDown UIInterfaceOrientationLandscapeLeft UIInterfaceOrientationLandscapeRight";
				INFOPLIST_KEY_UISupportedInterfaceOrientations_iPhone = "UIInterfaceOrientationPortrait UIInterfaceOrientationLandscapeLeft UIInterfaceOrientationLandscapeRight";
				IPHONEOS_DEPLOYMENT_TARGET = 16.1;
				LD_RUNPATH_SEARCH_PATHS = (
					"$(inherited)",
					"@executable_path/Frameworks",
				);
				MARKETING_VERSION = 1.0;
				PRODUCT_BUNDLE_IDENTIFIER = hyunjun.Mondee;
				PRODUCT_NAME = "$(TARGET_NAME)";
				SDKROOT = iphoneos;
				SWIFT_EMIT_LOC_STRINGS = YES;
				SWIFT_VERSION = 5.0;
				TARGETED_DEVICE_FAMILY = "1,2";
				VALIDATE_PRODUCT = YES;
			};
			name = Release;
		};
/* End XCBuildConfiguration section */

/* Begin XCConfigurationList section */
		2919A7662A5D0098000B6CF6 /* Build configuration list for PBXProject "Mondee" */ = {
			isa = XCConfigurationList;
			buildConfigurations = (
				2919A7892A5D009B000B6CF6 /* Debug */,
				2919A78A2A5D009B000B6CF6 /* Release */,
			);
			defaultConfigurationIsVisible = 0;
			defaultConfigurationName = Release;
		};
		2919A78B2A5D009B000B6CF6 /* Build configuration list for PBXNativeTarget "Mondee Watch App" */ = {
			isa = XCConfigurationList;
			buildConfigurations = (
				2919A78C2A5D009B000B6CF6 /* Debug */,
				2919A78D2A5D009B000B6CF6 /* Release */,
			);
			defaultConfigurationIsVisible = 0;
			defaultConfigurationName = Release;
		};
		2919A78F2A5D009B000B6CF6 /* Build configuration list for PBXNativeTarget "Mondee" */ = {
			isa = XCConfigurationList;
			buildConfigurations = (
				2919A7902A5D009B000B6CF6 /* Debug */,
				2919A7912A5D009B000B6CF6 /* Release */,
			);
			defaultConfigurationIsVisible = 0;
			defaultConfigurationName = Release;
		};
/* End XCConfigurationList section */

/* Begin XCRemoteSwiftPackageReference section */
		A28331E92A774EBA00582AD6 /* XCRemoteSwiftPackageReference "lottie-ios" */ = {
			isa = XCRemoteSwiftPackageReference;
			repositoryURL = "https://github.com/airbnb/lottie-ios";
			requirement = {
				kind = upToNextMajorVersion;
				minimumVersion = 4.0.0;
			};
		};
/* End XCRemoteSwiftPackageReference section */

/* Begin XCSwiftPackageProductDependency section */
		A28331EA2A774EBA00582AD6 /* Lottie */ = {
			isa = XCSwiftPackageProductDependency;
			package = A28331E92A774EBA00582AD6 /* XCRemoteSwiftPackageReference "lottie-ios" */;
			productName = Lottie;
		};
/* End XCSwiftPackageProductDependency section */
	};
	rootObject = 2919A7632A5D0098000B6CF6 /* Project object */;
}
