// !$*UTF8*$!
{
	archiveVersion = 1;
	classes = {
	};
	objectVersion = 56;
	objects = {

/* Begin PBXBuildFile section */
		078D5F992A602B4B00BD5557 /* GameView.swift in Sources */ = {isa = PBXBuildFile; fileRef = 078D5F982A602B4B00BD5557 /* GameView.swift */; };
		07D962FC2A6146C400CFDFFC /* BeforeGameView.swift in Sources */ = {isa = PBXBuildFile; fileRef = 07D962FB2A6146C400CFDFFC /* BeforeGameView.swift */; };
		07D962FF2A62B71600CFDFFC /* Mondee.swift in Sources */ = {isa = PBXBuildFile; fileRef = 07D962FE2A62B71600CFDFFC /* Mondee.swift */; };
		07D963012A62C5A500CFDFFC /* ArrowAnimation.swift in Sources */ = {isa = PBXBuildFile; fileRef = 07D963002A62C5A500CFDFFC /* ArrowAnimation.swift */; };
		2919A76F2A5D0099000B6CF6 /* MondeeApp.swift in Sources */ = {isa = PBXBuildFile; fileRef = 2919A76E2A5D0099000B6CF6 /* MondeeApp.swift */; };
		2919A7712A5D0099000B6CF6 /* ContentView.swift in Sources */ = {isa = PBXBuildFile; fileRef = 2919A7702A5D0099000B6CF6 /* ContentView.swift */; };
		2919A7732A5D009A000B6CF6 /* Assets.xcassets in Resources */ = {isa = PBXBuildFile; fileRef = 2919A7722A5D009A000B6CF6 /* Assets.xcassets */; };
		2919A7762A5D009A000B6CF6 /* Preview Assets.xcassets in Resources */ = {isa = PBXBuildFile; fileRef = 2919A7752A5D009A000B6CF6 /* Preview Assets.xcassets */; };
		2919A77C2A5D009A000B6CF6 /* Mondee Watch App.app in Embed Watch Content */ = {isa = PBXBuildFile; fileRef = 2919A77B2A5D009A000B6CF6 /* Mondee Watch App.app */; settings = {ATTRIBUTES = (RemoveHeadersOnCopy, ); }; };
		2919A7812A5D009A000B6CF6 /* MondeeApp.swift in Sources */ = {isa = PBXBuildFile; fileRef = 2919A7802A5D009A000B6CF6 /* MondeeApp.swift */; };
		2919A7832A5D009A000B6CF6 /* ContentView.swift in Sources */ = {isa = PBXBuildFile; fileRef = 2919A7822A5D009A000B6CF6 /* ContentView.swift */; };
		2919A7852A5D009B000B6CF6 /* Assets.xcassets in Resources */ = {isa = PBXBuildFile; fileRef = 2919A7842A5D009B000B6CF6 /* Assets.xcassets */; };
		2919A7882A5D009B000B6CF6 /* Preview Assets.xcassets in Resources */ = {isa = PBXBuildFile; fileRef = 2919A7872A5D009B000B6CF6 /* Preview Assets.xcassets */; };
		292CE6C42A5ECD8000BEE4AF /* SampleViewModel.swift in Sources */ = {isa = PBXBuildFile; fileRef = 292CE6C32A5ECD8000BEE4AF /* SampleViewModel.swift */; };
		292CE6C62A5ECD8F00BEE4AF /* SampleModel.swift in Sources */ = {isa = PBXBuildFile; fileRef = 292CE6C52A5ECD8F00BEE4AF /* SampleModel.swift */; };
		292CE6CB2A5ECDDB00BEE4AF /* WatchSampleModel.swift in Sources */ = {isa = PBXBuildFile; fileRef = 292CE6CA2A5ECDDB00BEE4AF /* WatchSampleModel.swift */; };
		292CE6CD2A5ECDE800BEE4AF /* WatchSampleViewModel.swift in Sources */ = {isa = PBXBuildFile; fileRef = 292CE6CC2A5ECDE800BEE4AF /* WatchSampleViewModel.swift */; };
		2978810C2A64E21C00EEC328 /* BeforeGameCountView.swift in Sources */ = {isa = PBXBuildFile; fileRef = 2978810B2A64E21C00EEC328 /* BeforeGameCountView.swift */; };
		29CAC95C2A6511D40038954C /* GameOptionView.swift in Sources */ = {isa = PBXBuildFile; fileRef = 29CAC95B2A6511D40038954C /* GameOptionView.swift */; };

/* End PBXBuildFile section */

/* Begin PBXContainerItemProxy section */
		2919A77D2A5D009A000B6CF6 /* PBXContainerItemProxy */ = {
			isa = PBXContainerItemProxy;
			containerPortal = 2919A7632A5D0098000B6CF6 /* Project object */;
			proxyType = 1;
			remoteGlobalIDString = 2919A77A2A5D009A000B6CF6;
			remoteInfo = "Mondee Watch App";
		};
/* End PBXContainerItemProxy section */

/* Begin PBXCopyFilesBuildPhase section */
		2919A78E2A5D009B000B6CF6 /* Embed Watch Content */ = {
			isa = PBXCopyFilesBuildPhase;
			buildActionMask = 2147483647;
			dstPath = "$(CONTENTS_FOLDER_PATH)/Watch";
			dstSubfolderSpec = 16;
			files = (
				2919A77C2A5D009A000B6CF6 /* Mondee Watch App.app in Embed Watch Content */,
			);
			name = "Embed Watch Content";
			runOnlyForDeploymentPostprocessing = 0;
		};
/* End PBXCopyFilesBuildPhase section */

/* Begin PBXFileReference section */
		078D5F982A602B4B00BD5557 /* GameView.swift */ = {isa = PBXFileReference; lastKnownFileType = sourcecode.swift; path = GameView.swift; sourceTree = "<group>"; };
		07D962FB2A6146C400CFDFFC /* BeforeGameView.swift */ = {isa = PBXFileReference; lastKnownFileType = sourcecode.swift; path = BeforeGameView.swift; sourceTree = "<group>"; };
		07D962FE2A62B71600CFDFFC /* Mondee.swift */ = {isa = PBXFileReference; lastKnownFileType = sourcecode.swift; path = Mondee.swift; sourceTree = "<group>"; };
		07D963002A62C5A500CFDFFC /* ArrowAnimation.swift */ = {isa = PBXFileReference; lastKnownFileType = sourcecode.swift; path = ArrowAnimation.swift; sourceTree = "<group>"; };
		2919A76B2A5D0099000B6CF6 /* Mondee.app */ = {isa = PBXFileReference; explicitFileType = wrapper.application; includeInIndex = 0; path = Mondee.app; sourceTree = BUILT_PRODUCTS_DIR; };
		2919A76E2A5D0099000B6CF6 /* MondeeApp.swift */ = {isa = PBXFileReference; lastKnownFileType = sourcecode.swift; path = MondeeApp.swift; sourceTree = "<group>"; };
		2919A7702A5D0099000B6CF6 /* ContentView.swift */ = {isa = PBXFileReference; lastKnownFileType = sourcecode.swift; path = ContentView.swift; sourceTree = "<group>"; };
		2919A7722A5D009A000B6CF6 /* Assets.xcassets */ = {isa = PBXFileReference; lastKnownFileType = folder.assetcatalog; path = Assets.xcassets; sourceTree = "<group>"; };
		2919A7752A5D009A000B6CF6 /* Preview Assets.xcassets */ = {isa = PBXFileReference; lastKnownFileType = folder.assetcatalog; path = "Preview Assets.xcassets"; sourceTree = "<group>"; };
		2919A77B2A5D009A000B6CF6 /* Mondee Watch App.app */ = {isa = PBXFileReference; explicitFileType = wrapper.application; includeInIndex = 0; path = "Mondee Watch App.app"; sourceTree = BUILT_PRODUCTS_DIR; };
		2919A7802A5D009A000B6CF6 /* MondeeApp.swift */ = {isa = PBXFileReference; lastKnownFileType = sourcecode.swift; path = MondeeApp.swift; sourceTree = "<group>"; };
		2919A7822A5D009A000B6CF6 /* ContentView.swift */ = {isa = PBXFileReference; lastKnownFileType = sourcecode.swift; path = ContentView.swift; sourceTree = "<group>"; };
		2919A7842A5D009B000B6CF6 /* Assets.xcassets */ = {isa = PBXFileReference; lastKnownFileType = folder.assetcatalog; path = Assets.xcassets; sourceTree = "<group>"; };
		2919A7872A5D009B000B6CF6 /* Preview Assets.xcassets */ = {isa = PBXFileReference; lastKnownFileType = folder.assetcatalog; path = "Preview Assets.xcassets"; sourceTree = "<group>"; };
		292CE6C32A5ECD8000BEE4AF /* SampleViewModel.swift */ = {isa = PBXFileReference; lastKnownFileType = sourcecode.swift; path = SampleViewModel.swift; sourceTree = "<group>"; };
		292CE6C52A5ECD8F00BEE4AF /* SampleModel.swift */ = {isa = PBXFileReference; lastKnownFileType = sourcecode.swift; path = SampleModel.swift; sourceTree = "<group>"; };
		292CE6CA2A5ECDDB00BEE4AF /* WatchSampleModel.swift */ = {isa = PBXFileReference; lastKnownFileType = sourcecode.swift; path = WatchSampleModel.swift; sourceTree = "<group>"; };
		292CE6CC2A5ECDE800BEE4AF /* WatchSampleViewModel.swift */ = {isa = PBXFileReference; lastKnownFileType = sourcecode.swift; path = WatchSampleViewModel.swift; sourceTree = "<group>"; };
		2978810B2A64E21C00EEC328 /* BeforeGameCountView.swift */ = {isa = PBXFileReference; fileEncoding = 4; lastKnownFileType = sourcecode.swift; path = BeforeGameCountView.swift; sourceTree = "<group>"; };
		29CAC95B2A6511D40038954C /* GameOptionView.swift */ = {isa = PBXFileReference; lastKnownFileType = sourcecode.swift; path = GameOptionView.swift; sourceTree = "<group>"; };

/* End PBXFileReference section */

/* Begin PBXFrameworksBuildPhase section */
		2919A7682A5D0099000B6CF6 /* Frameworks */ = {
			isa = PBXFrameworksBuildPhase;
			buildActionMask = 2147483647;
			files = (
			);
			runOnlyForDeploymentPostprocessing = 0;
		};
		2919A7782A5D009A000B6CF6 /* Frameworks */ = {
			isa = PBXFrameworksBuildPhase;
			buildActionMask = 2147483647;
			files = (
			);
			runOnlyForDeploymentPostprocessing = 0;
		};
/* End PBXFrameworksBuildPhase section */

/* Begin PBXGroup section */
		07D962FD2A62B6E400CFDFFC /* BeforGame */ = {
			isa = PBXGroup;
			children = (
				07D962FB2A6146C400CFDFFC /* BeforeGameView.swift */,
				07D962FE2A62B71600CFDFFC /* Mondee.swift */,
				07D963002A62C5A500CFDFFC /* ArrowAnimation.swift */,
				2978810B2A64E21C00EEC328 /* BeforeGameCountView.swift */,
			);
			path = BeforGame;
			sourceTree = "<group>";
		};
		2919A7622A5D0098000B6CF6 = {
			isa = PBXGroup;
			children = (
				2919A76D2A5D0099000B6CF6 /* Mondee */,
				2919A77F2A5D009A000B6CF6 /* Mondee Watch App */,
				2919A76C2A5D0099000B6CF6 /* Products */,
			);
			sourceTree = "<group>";
		};
		2919A76C2A5D0099000B6CF6 /* Products */ = {
			isa = PBXGroup;
			children = (
				2919A76B2A5D0099000B6CF6 /* Mondee.app */,
				2919A77B2A5D009A000B6CF6 /* Mondee Watch App.app */,
			);
			name = Products;
			sourceTree = "<group>";
		};
		2919A76D2A5D0099000B6CF6 /* Mondee */ = {
			isa = PBXGroup;
			children = (
				2919A76E2A5D0099000B6CF6 /* MondeeApp.swift */,
				292CE6C02A5ECD0400BEE4AF /* Model */,
				292CE6C12A5ECD0D00BEE4AF /* View */,
				292CE6C22A5ECD1900BEE4AF /* ViewModel */,
				2919A7722A5D009A000B6CF6 /* Assets.xcassets */,
				2919A7742A5D009A000B6CF6 /* Preview Content */,
			);
			path = Mondee;
			sourceTree = "<group>";
		};
		2919A7742A5D009A000B6CF6 /* Preview Content */ = {
			isa = PBXGroup;
			children = (
				2919A7752A5D009A000B6CF6 /* Preview Assets.xcassets */,
			);
			path = "Preview Content";
			sourceTree = "<group>";
		};
		2919A77F2A5D009A000B6CF6 /* Mondee Watch App */ = {
			isa = PBXGroup;
			children = (
				2919A7802A5D009A000B6CF6 /* MondeeApp.swift */,
				292CE6C72A5ECD9500BEE4AF /* Model */,
				292CE6C82A5ECD9E00BEE4AF /* View */,
				292CE6C92A5ECDAF00BEE4AF /* ViewModel */,
				2919A7842A5D009B000B6CF6 /* Assets.xcassets */,
				2919A7862A5D009B000B6CF6 /* Preview Content */,
			);
			path = "Mondee Watch App";
			sourceTree = "<group>";
		};
		2919A7862A5D009B000B6CF6 /* Preview Content */ = {
			isa = PBXGroup;
			children = (
				2919A7872A5D009B000B6CF6 /* Preview Assets.xcassets */,
			);
			path = "Preview Content";
			sourceTree = "<group>";
		};
		292CE6C02A5ECD0400BEE4AF /* Model */ = {
			isa = PBXGroup;
			children = (
				292CE6C52A5ECD8F00BEE4AF /* SampleModel.swift */,
			);
			path = Model;
			sourceTree = "<group>";
		};
		292CE6C12A5ECD0D00BEE4AF /* View */ = {
			isa = PBXGroup;
			children = (
				2919A7702A5D0099000B6CF6 /* ContentView.swift */,
			);
			path = View;
			sourceTree = "<group>";
		};
		292CE6C22A5ECD1900BEE4AF /* ViewModel */ = {
			isa = PBXGroup;
			children = (
				292CE6C32A5ECD8000BEE4AF /* SampleViewModel.swift */,
			);
			path = ViewModel;
			sourceTree = "<group>";
		};
		292CE6C72A5ECD9500BEE4AF /* Model */ = {
			isa = PBXGroup;
			children = (
				292CE6CA2A5ECDDB00BEE4AF /* WatchSampleModel.swift */,
			);
			path = Model;
			sourceTree = "<group>";
		};
		292CE6C82A5ECD9E00BEE4AF /* View */ = {
			isa = PBXGroup;
			children = (
				07D962FD2A62B6E400CFDFFC /* BeforGame */,
				2919A7822A5D009A000B6CF6 /* ContentView.swift */,
				078D5F982A602B4B00BD5557 /* GameView.swift */,
				29CAC95B2A6511D40038954C /* GameOptionView.swift */,
			);
			path = View;
			sourceTree = "<group>";
		};
		292CE6C92A5ECDAF00BEE4AF /* ViewModel */ = {
			isa = PBXGroup;
			children = (
				292CE6CC2A5ECDE800BEE4AF /* WatchSampleViewModel.swift */,
			);
			path = ViewModel;
			sourceTree = "<group>";
		};
/* End PBXGroup section */

/* Begin PBXNativeTarget section */
		2919A76A2A5D0099000B6CF6 /* Mondee */ = {
			isa = PBXNativeTarget;
			buildConfigurationList = 2919A78F2A5D009B000B6CF6 /* Build configuration list for PBXNativeTarget "Mondee" */;
			buildPhases = (
				2919A7672A5D0099000B6CF6 /* Sources */,
				2919A7682A5D0099000B6CF6 /* Frameworks */,
				2919A7692A5D0099000B6CF6 /* Resources */,
				2919A78E2A5D009B000B6CF6 /* Embed Watch Content */,
			);
			buildRules = (
			);
			dependencies = (
				2919A77E2A5D009A000B6CF6 /* PBXTargetDependency */,
			);
			name = Mondee;
			productName = Mondee;
			productReference = 2919A76B2A5D0099000B6CF6 /* Mondee.app */;
			productType = "com.apple.product-type.application";
		};
		2919A77A2A5D009A000B6CF6 /* Mondee Watch App */ = {
			isa = PBXNativeTarget;
			buildConfigurationList = 2919A78B2A5D009B000B6CF6 /* Build configuration list for PBXNativeTarget "Mondee Watch App" */;
			buildPhases = (
				2919A7772A5D009A000B6CF6 /* Sources */,
				2919A7782A5D009A000B6CF6 /* Frameworks */,
				2919A7792A5D009A000B6CF6 /* Resources */,
			);
			buildRules = (
			);
			dependencies = (
			);
			name = "Mondee Watch App";
			productName = "Mondee Watch App";
			productReference = 2919A77B2A5D009A000B6CF6 /* Mondee Watch App.app */;
			productType = "com.apple.product-type.application";
		};
/* End PBXNativeTarget section */

/* Begin PBXProject section */
		2919A7632A5D0098000B6CF6 /* Project object */ = {
			isa = PBXProject;
			attributes = {
				BuildIndependentTargetsInParallel = 1;
				LastSwiftUpdateCheck = 1430;
				LastUpgradeCheck = 1430;
				TargetAttributes = {
					2919A76A2A5D0099000B6CF6 = {
						CreatedOnToolsVersion = 14.3.1;
					};
					2919A77A2A5D009A000B6CF6 = {
						CreatedOnToolsVersion = 14.3.1;
					};
				};
			};
			buildConfigurationList = 2919A7662A5D0098000B6CF6 /* Build configuration list for PBXProject "Mondee" */;
			compatibilityVersion = "Xcode 14.0";
			developmentRegion = en;
			hasScannedForEncodings = 0;
			knownRegions = (
				en,
				Base,
			);
			mainGroup = 2919A7622A5D0098000B6CF6;
			productRefGroup = 2919A76C2A5D0099000B6CF6 /* Products */;
			projectDirPath = "";
			projectRoot = "";
			targets = (
				2919A76A2A5D0099000B6CF6 /* Mondee */,
				2919A77A2A5D009A000B6CF6 /* Mondee Watch App */,
			);
		};
/* End PBXProject section */

/* Begin PBXResourcesBuildPhase section */
		2919A7692A5D0099000B6CF6 /* Resources */ = {
			isa = PBXResourcesBuildPhase;
			buildActionMask = 2147483647;
			files = (
				2919A7762A5D009A000B6CF6 /* Preview Assets.xcassets in Resources */,
				2919A7732A5D009A000B6CF6 /* Assets.xcassets in Resources */,
			);
			runOnlyForDeploymentPostprocessing = 0;
		};
		2919A7792A5D009A000B6CF6 /* Resources */ = {
			isa = PBXResourcesBuildPhase;
			buildActionMask = 2147483647;
			files = (
				2919A7882A5D009B000B6CF6 /* Preview Assets.xcassets in Resources */,
				2919A7852A5D009B000B6CF6 /* Assets.xcassets in Resources */,
			);
			runOnlyForDeploymentPostprocessing = 0;
		};
/* End PBXResourcesBuildPhase section */

/* Begin PBXSourcesBuildPhase section */
		2919A7672A5D0099000B6CF6 /* Sources */ = {
			isa = PBXSourcesBuildPhase;
			buildActionMask = 2147483647;
			files = (
				292CE6C42A5ECD8000BEE4AF /* SampleViewModel.swift in Sources */,
				2919A7712A5D0099000B6CF6 /* ContentView.swift in Sources */,
				2919A76F2A5D0099000B6CF6 /* MondeeApp.swift in Sources */,
				292CE6C62A5ECD8F00BEE4AF /* SampleModel.swift in Sources */,
			);
			runOnlyForDeploymentPostprocessing = 0;
		};
		2919A7772A5D009A000B6CF6 /* Sources */ = {
			isa = PBXSourcesBuildPhase;
			buildActionMask = 2147483647;
			files = (
				07D962FC2A6146C400CFDFFC /* BeforeGameView.swift in Sources */,
				292CE6CB2A5ECDDB00BEE4AF /* WatchSampleModel.swift in Sources */,
				07D963012A62C5A500CFDFFC /* ArrowAnimation.swift in Sources */,
				078D5F992A602B4B00BD5557 /* GameView.swift in Sources */,
				2978810C2A64E21C00EEC328 /* BeforeGameCountView.swift in Sources */,
				2919A7832A5D009A000B6CF6 /* ContentView.swift in Sources */,
				29CAC95C2A6511D40038954C /* GameOptionView.swift in Sources */,
				292CE6CD2A5ECDE800BEE4AF /* WatchSampleViewModel.swift in Sources */,
				2919A7812A5D009A000B6CF6 /* MondeeApp.swift in Sources */,
				07D962FF2A62B71600CFDFFC /* Mondee.swift in Sources */,
			);
			runOnlyForDeploymentPostprocessing = 0;
		};
/* End PBXSourcesBuildPhase section */

/* Begin PBXTargetDependency section */
		2919A77E2A5D009A000B6CF6 /* PBXTargetDependency */ = {
			isa = PBXTargetDependency;
			target = 2919A77A2A5D009A000B6CF6 /* Mondee Watch App */;
			targetProxy = 2919A77D2A5D009A000B6CF6 /* PBXContainerItemProxy */;
		};
/* End PBXTargetDependency section */

/* Begin XCBuildConfiguration section */
		2919A7892A5D009B000B6CF6 /* Debug */ = {
			isa = XCBuildConfiguration;
			buildSettings = {
				ALWAYS_SEARCH_USER_PATHS = NO;
				CLANG_ANALYZER_NONNULL = YES;
				CLANG_ANALYZER_NUMBER_OBJECT_CONVERSION = YES_AGGRESSIVE;
				CLANG_CXX_LANGUAGE_STANDARD = "gnu++20";
				CLANG_ENABLE_MODULES = YES;
				CLANG_ENABLE_OBJC_ARC = YES;
				CLANG_ENABLE_OBJC_WEAK = YES;
				CLANG_WARN_BLOCK_CAPTURE_AUTORELEASING = YES;
				CLANG_WARN_BOOL_CONVERSION = YES;
				CLANG_WARN_COMMA = YES;
				CLANG_WARN_CONSTANT_CONVERSION = YES;
				CLANG_WARN_DEPRECATED_OBJC_IMPLEMENTATIONS = YES;
				CLANG_WARN_DIRECT_OBJC_ISA_USAGE = YES_ERROR;
				CLANG_WARN_DOCUMENTATION_COMMENTS = YES;
				CLANG_WARN_EMPTY_BODY = YES;
				CLANG_WARN_ENUM_CONVERSION = YES;
				CLANG_WARN_INFINITE_RECURSION = YES;
				CLANG_WARN_INT_CONVERSION = YES;
				CLANG_WARN_NON_LITERAL_NULL_CONVERSION = YES;
				CLANG_WARN_OBJC_IMPLICIT_RETAIN_SELF = YES;
				CLANG_WARN_OBJC_LITERAL_CONVERSION = YES;
				CLANG_WARN_OBJC_ROOT_CLASS = YES_ERROR;
				CLANG_WARN_QUOTED_INCLUDE_IN_FRAMEWORK_HEADER = YES;
				CLANG_WARN_RANGE_LOOP_ANALYSIS = YES;
				CLANG_WARN_STRICT_PROTOTYPES = YES;
				CLANG_WARN_SUSPICIOUS_MOVE = YES;
				CLANG_WARN_UNGUARDED_AVAILABILITY = YES_AGGRESSIVE;
				CLANG_WARN_UNREACHABLE_CODE = YES;
				CLANG_WARN__DUPLICATE_METHOD_MATCH = YES;
				COPY_PHASE_STRIP = NO;
				DEBUG_INFORMATION_FORMAT = dwarf;
				ENABLE_STRICT_OBJC_MSGSEND = YES;
				ENABLE_TESTABILITY = YES;
				GCC_C_LANGUAGE_STANDARD = gnu11;
				GCC_DYNAMIC_NO_PIC = NO;
				GCC_NO_COMMON_BLOCKS = YES;
				GCC_OPTIMIZATION_LEVEL = 0;
				GCC_PREPROCESSOR_DEFINITIONS = (
					"DEBUG=1",
					"$(inherited)",
				);
				GCC_WARN_64_TO_32_BIT_CONVERSION = YES;
				GCC_WARN_ABOUT_RETURN_TYPE = YES_ERROR;
				GCC_WARN_UNDECLARED_SELECTOR = YES;
				GCC_WARN_UNINITIALIZED_AUTOS = YES_AGGRESSIVE;
				GCC_WARN_UNUSED_FUNCTION = YES;
				GCC_WARN_UNUSED_VARIABLE = YES;
				MTL_ENABLE_DEBUG_INFO = INCLUDE_SOURCE;
				MTL_FAST_MATH = YES;
				ONLY_ACTIVE_ARCH = YES;
				SWIFT_ACTIVE_COMPILATION_CONDITIONS = DEBUG;
				SWIFT_OPTIMIZATION_LEVEL = "-Onone";
			};
			name = Debug;
		};
		2919A78A2A5D009B000B6CF6 /* Release */ = {
			isa = XCBuildConfiguration;
			buildSettings = {
				ALWAYS_SEARCH_USER_PATHS = NO;
				CLANG_ANALYZER_NONNULL = YES;
				CLANG_ANALYZER_NUMBER_OBJECT_CONVERSION = YES_AGGRESSIVE;
				CLANG_CXX_LANGUAGE_STANDARD = "gnu++20";
				CLANG_ENABLE_MODULES = YES;
				CLANG_ENABLE_OBJC_ARC = YES;
				CLANG_ENABLE_OBJC_WEAK = YES;
				CLANG_WARN_BLOCK_CAPTURE_AUTORELEASING = YES;
				CLANG_WARN_BOOL_CONVERSION = YES;
				CLANG_WARN_COMMA = YES;
				CLANG_WARN_CONSTANT_CONVERSION = YES;
				CLANG_WARN_DEPRECATED_OBJC_IMPLEMENTATIONS = YES;
				CLANG_WARN_DIRECT_OBJC_ISA_USAGE = YES_ERROR;
				CLANG_WARN_DOCUMENTATION_COMMENTS = YES;
				CLANG_WARN_EMPTY_BODY = YES;
				CLANG_WARN_ENUM_CONVERSION = YES;
				CLANG_WARN_INFINITE_RECURSION = YES;
				CLANG_WARN_INT_CONVERSION = YES;
				CLANG_WARN_NON_LITERAL_NULL_CONVERSION = YES;
				CLANG_WARN_OBJC_IMPLICIT_RETAIN_SELF = YES;
				CLANG_WARN_OBJC_LITERAL_CONVERSION = YES;
				CLANG_WARN_OBJC_ROOT_CLASS = YES_ERROR;
				CLANG_WARN_QUOTED_INCLUDE_IN_FRAMEWORK_HEADER = YES;
				CLANG_WARN_RANGE_LOOP_ANALYSIS = YES;
				CLANG_WARN_STRICT_PROTOTYPES = YES;
				CLANG_WARN_SUSPICIOUS_MOVE = YES;
				CLANG_WARN_UNGUARDED_AVAILABILITY = YES_AGGRESSIVE;
				CLANG_WARN_UNREACHABLE_CODE = YES;
				CLANG_WARN__DUPLICATE_METHOD_MATCH = YES;
				COPY_PHASE_STRIP = NO;
				DEBUG_INFORMATION_FORMAT = "dwarf-with-dsym";
				ENABLE_NS_ASSERTIONS = NO;
				ENABLE_STRICT_OBJC_MSGSEND = YES;
				GCC_C_LANGUAGE_STANDARD = gnu11;
				GCC_NO_COMMON_BLOCKS = YES;
				GCC_WARN_64_TO_32_BIT_CONVERSION = YES;
				GCC_WARN_ABOUT_RETURN_TYPE = YES_ERROR;
				GCC_WARN_UNDECLARED_SELECTOR = YES;
				GCC_WARN_UNINITIALIZED_AUTOS = YES_AGGRESSIVE;
				GCC_WARN_UNUSED_FUNCTION = YES;
				GCC_WARN_UNUSED_VARIABLE = YES;
				MTL_ENABLE_DEBUG_INFO = NO;
				MTL_FAST_MATH = YES;
				SWIFT_COMPILATION_MODE = wholemodule;
				SWIFT_OPTIMIZATION_LEVEL = "-O";
			};
			name = Release;
		};
		2919A78C2A5D009B000B6CF6 /* Debug */ = {
			isa = XCBuildConfiguration;
			buildSettings = {
				ASSETCATALOG_COMPILER_APPICON_NAME = AppIcon;
				ASSETCATALOG_COMPILER_GLOBAL_ACCENT_COLOR_NAME = AccentColor;
				CODE_SIGN_STYLE = Automatic;
				CURRENT_PROJECT_VERSION = 1;
				DEVELOPMENT_ASSET_PATHS = "\"Mondee Watch App/Preview Content\"";
				DEVELOPMENT_TEAM = 77745NX67K;
				ENABLE_PREVIEWS = YES;
				GENERATE_INFOPLIST_FILE = YES;
				INFOPLIST_KEY_CFBundleDisplayName = Mondee;
				INFOPLIST_KEY_UISupportedInterfaceOrientations = "UIInterfaceOrientationPortrait UIInterfaceOrientationPortraitUpsideDown";
				INFOPLIST_KEY_WKCompanionAppBundleIdentifier = hyunjun.Mondee;
				LD_RUNPATH_SEARCH_PATHS = (
					"$(inherited)",
					"@executable_path/Frameworks",
				);
				MARKETING_VERSION = 1.0;
				PRODUCT_BUNDLE_IDENTIFIER = hyunjun.Mondee.watchkitapp;
				PRODUCT_NAME = "$(TARGET_NAME)";
				SDKROOT = watchos;
				SKIP_INSTALL = YES;
				SWIFT_EMIT_LOC_STRINGS = YES;
				SWIFT_VERSION = 5.0;
				TARGETED_DEVICE_FAMILY = 4;
				WATCHOS_DEPLOYMENT_TARGET = 9.4;
			};
			name = Debug;
		};
		2919A78D2A5D009B000B6CF6 /* Release */ = {
			isa = XCBuildConfiguration;
			buildSettings = {
				ASSETCATALOG_COMPILER_APPICON_NAME = AppIcon;
				ASSETCATALOG_COMPILER_GLOBAL_ACCENT_COLOR_NAME = AccentColor;
				CODE_SIGN_STYLE = Automatic;
				CURRENT_PROJECT_VERSION = 1;
				DEVELOPMENT_ASSET_PATHS = "\"Mondee Watch App/Preview Content\"";
				DEVELOPMENT_TEAM = 77745NX67K;
				ENABLE_PREVIEWS = YES;
				GENERATE_INFOPLIST_FILE = YES;
				INFOPLIST_KEY_CFBundleDisplayName = Mondee;
				INFOPLIST_KEY_UISupportedInterfaceOrientations = "UIInterfaceOrientationPortrait UIInterfaceOrientationPortraitUpsideDown";
				INFOPLIST_KEY_WKCompanionAppBundleIdentifier = hyunjun.Mondee;
				LD_RUNPATH_SEARCH_PATHS = (
					"$(inherited)",
					"@executable_path/Frameworks",
				);
				MARKETING_VERSION = 1.0;
				PRODUCT_BUNDLE_IDENTIFIER = hyunjun.Mondee.watchkitapp;
				PRODUCT_NAME = "$(TARGET_NAME)";
				SDKROOT = watchos;
				SKIP_INSTALL = YES;
				SWIFT_EMIT_LOC_STRINGS = YES;
				SWIFT_VERSION = 5.0;
				TARGETED_DEVICE_FAMILY = 4;
				VALIDATE_PRODUCT = YES;
				WATCHOS_DEPLOYMENT_TARGET = 9.4;
			};
			name = Release;
		};
		2919A7902A5D009B000B6CF6 /* Debug */ = {
			isa = XCBuildConfiguration;
			buildSettings = {
				ALWAYS_EMBED_SWIFT_STANDARD_LIBRARIES = YES;
				ASSETCATALOG_COMPILER_APPICON_NAME = AppIcon;
				ASSETCATALOG_COMPILER_GLOBAL_ACCENT_COLOR_NAME = AccentColor;
				CODE_SIGN_STYLE = Automatic;
				CURRENT_PROJECT_VERSION = 1;
				DEVELOPMENT_ASSET_PATHS = "\"Mondee/Preview Content\"";
				DEVELOPMENT_TEAM = 77745NX67K;
				ENABLE_PREVIEWS = YES;
				GENERATE_INFOPLIST_FILE = YES;
				INFOPLIST_KEY_CFBundleDisplayName = Mondee;
				INFOPLIST_KEY_UIApplicationSceneManifest_Generation = YES;
				INFOPLIST_KEY_UIApplicationSupportsIndirectInputEvents = YES;
				INFOPLIST_KEY_UILaunchScreen_Generation = YES;
				INFOPLIST_KEY_UISupportedInterfaceOrientations_iPad = "UIInterfaceOrientationPortrait UIInterfaceOrientationPortraitUpsideDown UIInterfaceOrientationLandscapeLeft UIInterfaceOrientationLandscapeRight";
				INFOPLIST_KEY_UISupportedInterfaceOrientations_iPhone = "UIInterfaceOrientationPortrait UIInterfaceOrientationLandscapeLeft UIInterfaceOrientationLandscapeRight";
				IPHONEOS_DEPLOYMENT_TARGET = 16.4;
				LD_RUNPATH_SEARCH_PATHS = (
					"$(inherited)",
					"@executable_path/Frameworks",
				);
				MARKETING_VERSION = 1.0;
				PRODUCT_BUNDLE_IDENTIFIER = hyunjun.Mondee;
				PRODUCT_NAME = "$(TARGET_NAME)";
				SDKROOT = iphoneos;
				SWIFT_EMIT_LOC_STRINGS = YES;
				SWIFT_VERSION = 5.0;
				TARGETED_DEVICE_FAMILY = "1,2";
			};
			name = Debug;
		};
		2919A7912A5D009B000B6CF6 /* Release */ = {
			isa = XCBuildConfiguration;
			buildSettings = {
				ALWAYS_EMBED_SWIFT_STANDARD_LIBRARIES = YES;
				ASSETCATALOG_COMPILER_APPICON_NAME = AppIcon;
				ASSETCATALOG_COMPILER_GLOBAL_ACCENT_COLOR_NAME = AccentColor;
				CODE_SIGN_STYLE = Automatic;
				CURRENT_PROJECT_VERSION = 1;
				DEVELOPMENT_ASSET_PATHS = "\"Mondee/Preview Content\"";
				DEVELOPMENT_TEAM = 77745NX67K;
				ENABLE_PREVIEWS = YES;
				GENERATE_INFOPLIST_FILE = YES;
				INFOPLIST_KEY_CFBundleDisplayName = Mondee;
				INFOPLIST_KEY_UIApplicationSceneManifest_Generation = YES;
				INFOPLIST_KEY_UIApplicationSupportsIndirectInputEvents = YES;
				INFOPLIST_KEY_UILaunchScreen_Generation = YES;
				INFOPLIST_KEY_UISupportedInterfaceOrientations_iPad = "UIInterfaceOrientationPortrait UIInterfaceOrientationPortraitUpsideDown UIInterfaceOrientationLandscapeLeft UIInterfaceOrientationLandscapeRight";
				INFOPLIST_KEY_UISupportedInterfaceOrientations_iPhone = "UIInterfaceOrientationPortrait UIInterfaceOrientationLandscapeLeft UIInterfaceOrientationLandscapeRight";
				IPHONEOS_DEPLOYMENT_TARGET = 16.4;
				LD_RUNPATH_SEARCH_PATHS = (
					"$(inherited)",
					"@executable_path/Frameworks",
				);
				MARKETING_VERSION = 1.0;
				PRODUCT_BUNDLE_IDENTIFIER = hyunjun.Mondee;
				PRODUCT_NAME = "$(TARGET_NAME)";
				SDKROOT = iphoneos;
				SWIFT_EMIT_LOC_STRINGS = YES;
				SWIFT_VERSION = 5.0;
				TARGETED_DEVICE_FAMILY = "1,2";
				VALIDATE_PRODUCT = YES;
			};
			name = Release;
		};
/* End XCBuildConfiguration section */

/* Begin XCConfigurationList section */
		2919A7662A5D0098000B6CF6 /* Build configuration list for PBXProject "Mondee" */ = {
			isa = XCConfigurationList;
			buildConfigurations = (
				2919A7892A5D009B000B6CF6 /* Debug */,
				2919A78A2A5D009B000B6CF6 /* Release */,
			);
			defaultConfigurationIsVisible = 0;
			defaultConfigurationName = Release;
		};
		2919A78B2A5D009B000B6CF6 /* Build configuration list for PBXNativeTarget "Mondee Watch App" */ = {
			isa = XCConfigurationList;
			buildConfigurations = (
				2919A78C2A5D009B000B6CF6 /* Debug */,
				2919A78D2A5D009B000B6CF6 /* Release */,
			);
			defaultConfigurationIsVisible = 0;
			defaultConfigurationName = Release;
		};
		2919A78F2A5D009B000B6CF6 /* Build configuration list for PBXNativeTarget "Mondee" */ = {
			isa = XCConfigurationList;
			buildConfigurations = (
				2919A7902A5D009B000B6CF6 /* Debug */,
				2919A7912A5D009B000B6CF6 /* Release */,
			);
			defaultConfigurationIsVisible = 0;
			defaultConfigurationName = Release;
		};
/* End XCConfigurationList section */
	};
	rootObject = 2919A7632A5D0098000B6CF6 /* Project object */;
}
